// !$*UTF8*$!
{
	archiveVersion = 1;
	classes = {
	};
	objectVersion = 55;
	objects = {

/* Begin PBXBuildFile section */
		06D0D6EE274E746C00B8F4F1 /* AppDelegate.swift in Sources */ = {isa = PBXBuildFile; fileRef = 06D0D6ED274E746C00B8F4F1 /* AppDelegate.swift */; };
		06D0D6F0274E746C00B8F4F1 /* SceneDelegate.swift in Sources */ = {isa = PBXBuildFile; fileRef = 06D0D6EF274E746C00B8F4F1 /* SceneDelegate.swift */; };
		06D0D6F2274E746C00B8F4F1 /* ViewController.swift in Sources */ = {isa = PBXBuildFile; fileRef = 06D0D6F1274E746C00B8F4F1 /* ViewController.swift */; };
		06D0D6F5274E746C00B8F4F1 /* Main.storyboard in Resources */ = {isa = PBXBuildFile; fileRef = 06D0D6F3274E746C00B8F4F1 /* Main.storyboard */; };
		06D0D6F7274E746E00B8F4F1 /* Assets.xcassets in Resources */ = {isa = PBXBuildFile; fileRef = 06D0D6F6274E746E00B8F4F1 /* Assets.xcassets */; };
		06D0D6FA274E746E00B8F4F1 /* LaunchScreen.storyboard in Resources */ = {isa = PBXBuildFile; fileRef = 06D0D6F8274E746E00B8F4F1 /* LaunchScreen.storyboard */; };
		06D0D705274E746F00B8F4F1 /* Basic_Exercises_Part_5_1Tests.swift in Sources */ = {isa = PBXBuildFile; fileRef = 06D0D704274E746F00B8F4F1 /* Basic_Exercises_Part_5_1Tests.swift */; };
		06D0D70F274E746F00B8F4F1 /* Basic_Exercises_Part_5_1UITests.swift in Sources */ = {isa = PBXBuildFile; fileRef = 06D0D70E274E746F00B8F4F1 /* Basic_Exercises_Part_5_1UITests.swift */; };
		06D0D711274E746F00B8F4F1 /* Basic_Exercises_Part_5_1UITestsLaunchTests.swift in Sources */ = {isa = PBXBuildFile; fileRef = 06D0D710274E746F00B8F4F1 /* Basic_Exercises_Part_5_1UITestsLaunchTests.swift */; };
		06D0D71F274E7C4F00B8F4F1 /* Dog.swift in Sources */ = {isa = PBXBuildFile; fileRef = 06D0D71E274E7C4E00B8F4F1 /* Dog.swift */; };
/* End PBXBuildFile section */

/* Begin PBXContainerItemProxy section */
		06D0D701274E746F00B8F4F1 /* PBXContainerItemProxy */ = {
			isa = PBXContainerItemProxy;
			containerPortal = 06D0D6E2274E746C00B8F4F1 /* Project object */;
			proxyType = 1;
			remoteGlobalIDString = 06D0D6E9274E746C00B8F4F1;
			remoteInfo = "Basic Exercises Part 5.1";
		};
		06D0D70B274E746F00B8F4F1 /* PBXContainerItemProxy */ = {
			isa = PBXContainerItemProxy;
			containerPortal = 06D0D6E2274E746C00B8F4F1 /* Project object */;
			proxyType = 1;
			remoteGlobalIDString = 06D0D6E9274E746C00B8F4F1;
			remoteInfo = "Basic Exercises Part 5.1";
		};
/* End PBXContainerItemProxy section */

/* Begin PBXFileReference section */
		06D0D6EA274E746C00B8F4F1 /* Basic Exercises Part 5.1.app */ = {isa = PBXFileReference; explicitFileType = wrapper.application; includeInIndex = 0; path = "Basic Exercises Part 5.1.app"; sourceTree = BUILT_PRODUCTS_DIR; };
		06D0D6ED274E746C00B8F4F1 /* AppDelegate.swift */ = {isa = PBXFileReference; lastKnownFileType = sourcecode.swift; path = AppDelegate.swift; sourceTree = "<group>"; };
		06D0D6EF274E746C00B8F4F1 /* SceneDelegate.swift */ = {isa = PBXFileReference; lastKnownFileType = sourcecode.swift; path = SceneDelegate.swift; sourceTree = "<group>"; };
		06D0D6F1274E746C00B8F4F1 /* ViewController.swift */ = {isa = PBXFileReference; lastKnownFileType = sourcecode.swift; path = ViewController.swift; sourceTree = "<group>"; };
		06D0D6F4274E746C00B8F4F1 /* Base */ = {isa = PBXFileReference; lastKnownFileType = file.storyboard; name = Base; path = Base.lproj/Main.storyboard; sourceTree = "<group>"; };
		06D0D6F6274E746E00B8F4F1 /* Assets.xcassets */ = {isa = PBXFileReference; lastKnownFileType = folder.assetcatalog; path = Assets.xcassets; sourceTree = "<group>"; };
		06D0D6F9274E746E00B8F4F1 /* Base */ = {isa = PBXFileReference; lastKnownFileType = file.storyboard; name = Base; path = Base.lproj/LaunchScreen.storyboard; sourceTree = "<group>"; };
		06D0D6FB274E746E00B8F4F1 /* Info.plist */ = {isa = PBXFileReference; lastKnownFileType = text.plist.xml; path = Info.plist; sourceTree = "<group>"; };
		06D0D700274E746F00B8F4F1 /* Basic Exercises Part 5.1Tests.xctest */ = {isa = PBXFileReference; explicitFileType = wrapper.cfbundle; includeInIndex = 0; path = "Basic Exercises Part 5.1Tests.xctest"; sourceTree = BUILT_PRODUCTS_DIR; };
		06D0D704274E746F00B8F4F1 /* Basic_Exercises_Part_5_1Tests.swift */ = {isa = PBXFileReference; lastKnownFileType = sourcecode.swift; path = Basic_Exercises_Part_5_1Tests.swift; sourceTree = "<group>"; };
		06D0D70A274E746F00B8F4F1 /* Basic Exercises Part 5.1UITests.xctest */ = {isa = PBXFileReference; explicitFileType = wrapper.cfbundle; includeInIndex = 0; path = "Basic Exercises Part 5.1UITests.xctest"; sourceTree = BUILT_PRODUCTS_DIR; };
		06D0D70E274E746F00B8F4F1 /* Basic_Exercises_Part_5_1UITests.swift */ = {isa = PBXFileReference; lastKnownFileType = sourcecode.swift; path = Basic_Exercises_Part_5_1UITests.swift; sourceTree = "<group>"; };
		06D0D710274E746F00B8F4F1 /* Basic_Exercises_Part_5_1UITestsLaunchTests.swift */ = {isa = PBXFileReference; lastKnownFileType = sourcecode.swift; path = Basic_Exercises_Part_5_1UITestsLaunchTests.swift; sourceTree = "<group>"; };
		06D0D71E274E7C4E00B8F4F1 /* Dog.swift */ = {isa = PBXFileReference; lastKnownFileType = sourcecode.swift; path = Dog.swift; sourceTree = "<group>"; };
/* End PBXFileReference section */

/* Begin PBXFrameworksBuildPhase section */
		06D0D6E7274E746C00B8F4F1 /* Frameworks */ = {
			isa = PBXFrameworksBuildPhase;
			buildActionMask = 2147483647;
			files = (
			);
			runOnlyForDeploymentPostprocessing = 0;
		};
		06D0D6FD274E746F00B8F4F1 /* Frameworks */ = {
			isa = PBXFrameworksBuildPhase;
			buildActionMask = 2147483647;
			files = (
			);
			runOnlyForDeploymentPostprocessing = 0;
		};
		06D0D707274E746F00B8F4F1 /* Frameworks */ = {
			isa = PBXFrameworksBuildPhase;
			buildActionMask = 2147483647;
			files = (
			);
			runOnlyForDeploymentPostprocessing = 0;
		};
/* End PBXFrameworksBuildPhase section */

/* Begin PBXGroup section */
		06D0D6E1274E746C00B8F4F1 = {
			isa = PBXGroup;
			children = (
				06D0D6EC274E746C00B8F4F1 /* Basic Exercises Part 5.1 */,
				06D0D703274E746F00B8F4F1 /* Basic Exercises Part 5.1Tests */,
				06D0D70D274E746F00B8F4F1 /* Basic Exercises Part 5.1UITests */,
				06D0D6EB274E746C00B8F4F1 /* Products */,
			);
			sourceTree = "<group>";
		};
		06D0D6EB274E746C00B8F4F1 /* Products */ = {
			isa = PBXGroup;
			children = (
				06D0D6EA274E746C00B8F4F1 /* Basic Exercises Part 5.1.app */,
				06D0D700274E746F00B8F4F1 /* Basic Exercises Part 5.1Tests.xctest */,
				06D0D70A274E746F00B8F4F1 /* Basic Exercises Part 5.1UITests.xctest */,
			);
			name = Products;
			sourceTree = "<group>";
		};
		06D0D6EC274E746C00B8F4F1 /* Basic Exercises Part 5.1 */ = {
			isa = PBXGroup;
			children = (
				06D0D71D274E7C2800B8F4F1 /* Model */,
				06D0D6ED274E746C00B8F4F1 /* AppDelegate.swift */,
				06D0D6EF274E746C00B8F4F1 /* SceneDelegate.swift */,
				06D0D6F1274E746C00B8F4F1 /* ViewController.swift */,
				06D0D6F3274E746C00B8F4F1 /* Main.storyboard */,
				06D0D6F6274E746E00B8F4F1 /* Assets.xcassets */,
				06D0D6F8274E746E00B8F4F1 /* LaunchScreen.storyboard */,
				06D0D6FB274E746E00B8F4F1 /* Info.plist */,
			);
			path = "Basic Exercises Part 5.1";
			sourceTree = "<group>";
		};
		06D0D703274E746F00B8F4F1 /* Basic Exercises Part 5.1Tests */ = {
			isa = PBXGroup;
			children = (
				06D0D704274E746F00B8F4F1 /* Basic_Exercises_Part_5_1Tests.swift */,
			);
			path = "Basic Exercises Part 5.1Tests";
			sourceTree = "<group>";
		};
		06D0D70D274E746F00B8F4F1 /* Basic Exercises Part 5.1UITests */ = {
			isa = PBXGroup;
			children = (
				06D0D70E274E746F00B8F4F1 /* Basic_Exercises_Part_5_1UITests.swift */,
				06D0D710274E746F00B8F4F1 /* Basic_Exercises_Part_5_1UITestsLaunchTests.swift */,
			);
			path = "Basic Exercises Part 5.1UITests";
			sourceTree = "<group>";
		};
		06D0D71D274E7C2800B8F4F1 /* Model */ = {
			isa = PBXGroup;
			children = (
				06D0D71E274E7C4E00B8F4F1 /* Dog.swift */,
			);
			path = Model;
			sourceTree = "<group>";
		};
/* End PBXGroup section */

/* Begin PBXNativeTarget section */
		06D0D6E9274E746C00B8F4F1 /* Basic Exercises Part 5.1 */ = {
			isa = PBXNativeTarget;
			buildConfigurationList = 06D0D714274E746F00B8F4F1 /* Build configuration list for PBXNativeTarget "Basic Exercises Part 5.1" */;
			buildPhases = (
				06D0D6E6274E746C00B8F4F1 /* Sources */,
				06D0D6E7274E746C00B8F4F1 /* Frameworks */,
				06D0D6E8274E746C00B8F4F1 /* Resources */,
			);
			buildRules = (
			);
			dependencies = (
			);
			name = "Basic Exercises Part 5.1";
			productName = "Basic Exercises Part 5.1";
			productReference = 06D0D6EA274E746C00B8F4F1 /* Basic Exercises Part 5.1.app */;
			productType = "com.apple.product-type.application";
		};
		06D0D6FF274E746F00B8F4F1 /* Basic Exercises Part 5.1Tests */ = {
			isa = PBXNativeTarget;
			buildConfigurationList = 06D0D717274E746F00B8F4F1 /* Build configuration list for PBXNativeTarget "Basic Exercises Part 5.1Tests" */;
			buildPhases = (
				06D0D6FC274E746F00B8F4F1 /* Sources */,
				06D0D6FD274E746F00B8F4F1 /* Frameworks */,
				06D0D6FE274E746F00B8F4F1 /* Resources */,
			);
			buildRules = (
			);
			dependencies = (
				06D0D702274E746F00B8F4F1 /* PBXTargetDependency */,
			);
			name = "Basic Exercises Part 5.1Tests";
			productName = "Basic Exercises Part 5.1Tests";
			productReference = 06D0D700274E746F00B8F4F1 /* Basic Exercises Part 5.1Tests.xctest */;
			productType = "com.apple.product-type.bundle.unit-test";
		};
		06D0D709274E746F00B8F4F1 /* Basic Exercises Part 5.1UITests */ = {
			isa = PBXNativeTarget;
			buildConfigurationList = 06D0D71A274E746F00B8F4F1 /* Build configuration list for PBXNativeTarget "Basic Exercises Part 5.1UITests" */;
			buildPhases = (
				06D0D706274E746F00B8F4F1 /* Sources */,
				06D0D707274E746F00B8F4F1 /* Frameworks */,
				06D0D708274E746F00B8F4F1 /* Resources */,
			);
			buildRules = (
			);
			dependencies = (
				06D0D70C274E746F00B8F4F1 /* PBXTargetDependency */,
			);
			name = "Basic Exercises Part 5.1UITests";
			productName = "Basic Exercises Part 5.1UITests";
			productReference = 06D0D70A274E746F00B8F4F1 /* Basic Exercises Part 5.1UITests.xctest */;
			productType = "com.apple.product-type.bundle.ui-testing";
		};
/* End PBXNativeTarget section */

/* Begin PBXProject section */
		06D0D6E2274E746C00B8F4F1 /* Project object */ = {
			isa = PBXProject;
			attributes = {
				BuildIndependentTargetsInParallel = 1;
				LastSwiftUpdateCheck = 1310;
				LastUpgradeCheck = 1310;
				TargetAttributes = {
					06D0D6E9274E746C00B8F4F1 = {
						CreatedOnToolsVersion = 13.1;
					};
					06D0D6FF274E746F00B8F4F1 = {
						CreatedOnToolsVersion = 13.1;
						TestTargetID = 06D0D6E9274E746C00B8F4F1;
					};
					06D0D709274E746F00B8F4F1 = {
						CreatedOnToolsVersion = 13.1;
						TestTargetID = 06D0D6E9274E746C00B8F4F1;
					};
				};
			};
			buildConfigurationList = 06D0D6E5274E746C00B8F4F1 /* Build configuration list for PBXProject "Basic Exercises Part 5.1" */;
			compatibilityVersion = "Xcode 13.0";
			developmentRegion = en;
			hasScannedForEncodings = 0;
			knownRegions = (
				en,
				Base,
			);
			mainGroup = 06D0D6E1274E746C00B8F4F1;
			productRefGroup = 06D0D6EB274E746C00B8F4F1 /* Products */;
			projectDirPath = "";
			projectRoot = "";
			targets = (
				06D0D6E9274E746C00B8F4F1 /* Basic Exercises Part 5.1 */,
				06D0D6FF274E746F00B8F4F1 /* Basic Exercises Part 5.1Tests */,
				06D0D709274E746F00B8F4F1 /* Basic Exercises Part 5.1UITests */,
			);
		};
/* End PBXProject section */

/* Begin PBXResourcesBuildPhase section */
		06D0D6E8274E746C00B8F4F1 /* Resources */ = {
			isa = PBXResourcesBuildPhase;
			buildActionMask = 2147483647;
			files = (
				06D0D6FA274E746E00B8F4F1 /* LaunchScreen.storyboard in Resources */,
				06D0D6F7274E746E00B8F4F1 /* Assets.xcassets in Resources */,
				06D0D6F5274E746C00B8F4F1 /* Main.storyboard in Resources */,
			);
			runOnlyForDeploymentPostprocessing = 0;
		};
		06D0D6FE274E746F00B8F4F1 /* Resources */ = {
			isa = PBXResourcesBuildPhase;
			buildActionMask = 2147483647;
			files = (
			);
			runOnlyForDeploymentPostprocessing = 0;
		};
		06D0D708274E746F00B8F4F1 /* Resources */ = {
			isa = PBXResourcesBuildPhase;
			buildActionMask = 2147483647;
			files = (
			);
			runOnlyForDeploymentPostprocessing = 0;
		};
/* End PBXResourcesBuildPhase section */

/* Begin PBXSourcesBuildPhase section */
		06D0D6E6274E746C00B8F4F1 /* Sources */ = {
			isa = PBXSourcesBuildPhase;
			buildActionMask = 2147483647;
			files = (
				06D0D6F2274E746C00B8F4F1 /* ViewController.swift in Sources */,
				06D0D71F274E7C4F00B8F4F1 /* Dog.swift in Sources */,
				06D0D6EE274E746C00B8F4F1 /* AppDelegate.swift in Sources */,
				06D0D6F0274E746C00B8F4F1 /* SceneDelegate.swift in Sources */,
			);
			runOnlyForDeploymentPostprocessing = 0;
		};
		06D0D6FC274E746F00B8F4F1 /* Sources */ = {
			isa = PBXSourcesBuildPhase;
			buildActionMask = 2147483647;
			files = (
				06D0D705274E746F00B8F4F1 /* Basic_Exercises_Part_5_1Tests.swift in Sources */,
			);
			runOnlyForDeploymentPostprocessing = 0;
		};
		06D0D706274E746F00B8F4F1 /* Sources */ = {
			isa = PBXSourcesBuildPhase;
			buildActionMask = 2147483647;
			files = (
				06D0D711274E746F00B8F4F1 /* Basic_Exercises_Part_5_1UITestsLaunchTests.swift in Sources */,
				06D0D70F274E746F00B8F4F1 /* Basic_Exercises_Part_5_1UITests.swift in Sources */,
			);
			runOnlyForDeploymentPostprocessing = 0;
		};
/* End PBXSourcesBuildPhase section */

/* Begin PBXTargetDependency section */
		06D0D702274E746F00B8F4F1 /* PBXTargetDependency */ = {
			isa = PBXTargetDependency;
			target = 06D0D6E9274E746C00B8F4F1 /* Basic Exercises Part 5.1 */;
			targetProxy = 06D0D701274E746F00B8F4F1 /* PBXContainerItemProxy */;
		};
		06D0D70C274E746F00B8F4F1 /* PBXTargetDependency */ = {
			isa = PBXTargetDependency;
			target = 06D0D6E9274E746C00B8F4F1 /* Basic Exercises Part 5.1 */;
			targetProxy = 06D0D70B274E746F00B8F4F1 /* PBXContainerItemProxy */;
		};
/* End PBXTargetDependency section */

/* Begin PBXVariantGroup section */
		06D0D6F3274E746C00B8F4F1 /* Main.storyboard */ = {
			isa = PBXVariantGroup;
			children = (
				06D0D6F4274E746C00B8F4F1 /* Base */,
			);
			name = Main.storyboard;
			sourceTree = "<group>";
		};
		06D0D6F8274E746E00B8F4F1 /* LaunchScreen.storyboard */ = {
			isa = PBXVariantGroup;
			children = (
				06D0D6F9274E746E00B8F4F1 /* Base */,
			);
			name = LaunchScreen.storyboard;
			sourceTree = "<group>";
		};
/* End PBXVariantGroup section */

/* Begin XCBuildConfiguration section */
		06D0D712274E746F00B8F4F1 /* Debug */ = {
			isa = XCBuildConfiguration;
			buildSettings = {
				ALWAYS_SEARCH_USER_PATHS = NO;
				CLANG_ANALYZER_NONNULL = YES;
				CLANG_ANALYZER_NUMBER_OBJECT_CONVERSION = YES_AGGRESSIVE;
				CLANG_CXX_LANGUAGE_STANDARD = "gnu++17";
				CLANG_CXX_LIBRARY = "libc++";
				CLANG_ENABLE_MODULES = YES;
				CLANG_ENABLE_OBJC_ARC = YES;
				CLANG_ENABLE_OBJC_WEAK = YES;
				CLANG_WARN_BLOCK_CAPTURE_AUTORELEASING = YES;
				CLANG_WARN_BOOL_CONVERSION = YES;
				CLANG_WARN_COMMA = YES;
				CLANG_WARN_CONSTANT_CONVERSION = YES;
				CLANG_WARN_DEPRECATED_OBJC_IMPLEMENTATIONS = YES;
				CLANG_WARN_DIRECT_OBJC_ISA_USAGE = YES_ERROR;
				CLANG_WARN_DOCUMENTATION_COMMENTS = YES;
				CLANG_WARN_EMPTY_BODY = YES;
				CLANG_WARN_ENUM_CONVERSION = YES;
				CLANG_WARN_INFINITE_RECURSION = YES;
				CLANG_WARN_INT_CONVERSION = YES;
				CLANG_WARN_NON_LITERAL_NULL_CONVERSION = YES;
				CLANG_WARN_OBJC_IMPLICIT_RETAIN_SELF = YES;
				CLANG_WARN_OBJC_LITERAL_CONVERSION = YES;
				CLANG_WARN_OBJC_ROOT_CLASS = YES_ERROR;
				CLANG_WARN_QUOTED_INCLUDE_IN_FRAMEWORK_HEADER = YES;
				CLANG_WARN_RANGE_LOOP_ANALYSIS = YES;
				CLANG_WARN_STRICT_PROTOTYPES = YES;
				CLANG_WARN_SUSPICIOUS_MOVE = YES;
				CLANG_WARN_UNGUARDED_AVAILABILITY = YES_AGGRESSIVE;
				CLANG_WARN_UNREACHABLE_CODE = YES;
				CLANG_WARN__DUPLICATE_METHOD_MATCH = YES;
				COPY_PHASE_STRIP = NO;
				DEBUG_INFORMATION_FORMAT = dwarf;
				ENABLE_STRICT_OBJC_MSGSEND = YES;
				ENABLE_TESTABILITY = YES;
				GCC_C_LANGUAGE_STANDARD = gnu11;
				GCC_DYNAMIC_NO_PIC = NO;
				GCC_NO_COMMON_BLOCKS = YES;
				GCC_OPTIMIZATION_LEVEL = 0;
				GCC_PREPROCESSOR_DEFINITIONS = (
					"DEBUG=1",
					"$(inherited)",
				);
				GCC_WARN_64_TO_32_BIT_CONVERSION = YES;
				GCC_WARN_ABOUT_RETURN_TYPE = YES_ERROR;
				GCC_WARN_UNDECLARED_SELECTOR = YES;
				GCC_WARN_UNINITIALIZED_AUTOS = YES_AGGRESSIVE;
				GCC_WARN_UNUSED_FUNCTION = YES;
				GCC_WARN_UNUSED_VARIABLE = YES;
				IPHONEOS_DEPLOYMENT_TARGET = 15.0;
				MTL_ENABLE_DEBUG_INFO = INCLUDE_SOURCE;
				MTL_FAST_MATH = YES;
				ONLY_ACTIVE_ARCH = YES;
				SDKROOT = iphoneos;
				SWIFT_ACTIVE_COMPILATION_CONDITIONS = DEBUG;
				SWIFT_OPTIMIZATION_LEVEL = "-Onone";
			};
			name = Debug;
		};
		06D0D713274E746F00B8F4F1 /* Release */ = {
			isa = XCBuildConfiguration;
			buildSettings = {
				ALWAYS_SEARCH_USER_PATHS = NO;
				CLANG_ANALYZER_NONNULL = YES;
				CLANG_ANALYZER_NUMBER_OBJECT_CONVERSION = YES_AGGRESSIVE;
				CLANG_CXX_LANGUAGE_STANDARD = "gnu++17";
				CLANG_CXX_LIBRARY = "libc++";
				CLANG_ENABLE_MODULES = YES;
				CLANG_ENABLE_OBJC_ARC = YES;
				CLANG_ENABLE_OBJC_WEAK = YES;
				CLANG_WARN_BLOCK_CAPTURE_AUTORELEASING = YES;
				CLANG_WARN_BOOL_CONVERSION = YES;
				CLANG_WARN_COMMA = YES;
				CLANG_WARN_CONSTANT_CONVERSION = YES;
				CLANG_WARN_DEPRECATED_OBJC_IMPLEMENTATIONS = YES;
				CLANG_WARN_DIRECT_OBJC_ISA_USAGE = YES_ERROR;
				CLANG_WARN_DOCUMENTATION_COMMENTS = YES;
				CLANG_WARN_EMPTY_BODY = YES;
				CLANG_WARN_ENUM_CONVERSION = YES;
				CLANG_WARN_INFINITE_RECURSION = YES;
				CLANG_WARN_INT_CONVERSION = YES;
				CLANG_WARN_NON_LITERAL_NULL_CONVERSION = YES;
				CLANG_WARN_OBJC_IMPLICIT_RETAIN_SELF = YES;
				CLANG_WARN_OBJC_LITERAL_CONVERSION = YES;
				CLANG_WARN_OBJC_ROOT_CLASS = YES_ERROR;
				CLANG_WARN_QUOTED_INCLUDE_IN_FRAMEWORK_HEADER = YES;
				CLANG_WARN_RANGE_LOOP_ANALYSIS = YES;
				CLANG_WARN_STRICT_PROTOTYPES = YES;
				CLANG_WARN_SUSPICIOUS_MOVE = YES;
				CLANG_WARN_UNGUARDED_AVAILABILITY = YES_AGGRESSIVE;
				CLANG_WARN_UNREACHABLE_CODE = YES;
				CLANG_WARN__DUPLICATE_METHOD_MATCH = YES;
				COPY_PHASE_STRIP = NO;
				DEBUG_INFORMATION_FORMAT = "dwarf-with-dsym";
				ENABLE_NS_ASSERTIONS = NO;
				ENABLE_STRICT_OBJC_MSGSEND = YES;
				GCC_C_LANGUAGE_STANDARD = gnu11;
				GCC_NO_COMMON_BLOCKS = YES;
				GCC_WARN_64_TO_32_BIT_CONVERSION = YES;
				GCC_WARN_ABOUT_RETURN_TYPE = YES_ERROR;
				GCC_WARN_UNDECLARED_SELECTOR = YES;
				GCC_WARN_UNINITIALIZED_AUTOS = YES_AGGRESSIVE;
				GCC_WARN_UNUSED_FUNCTION = YES;
				GCC_WARN_UNUSED_VARIABLE = YES;
				IPHONEOS_DEPLOYMENT_TARGET = 15.0;
				MTL_ENABLE_DEBUG_INFO = NO;
				MTL_FAST_MATH = YES;
				SDKROOT = iphoneos;
				SWIFT_COMPILATION_MODE = wholemodule;
				SWIFT_OPTIMIZATION_LEVEL = "-O";
				VALIDATE_PRODUCT = YES;
			};
			name = Release;
		};
		06D0D715274E746F00B8F4F1 /* Debug */ = {
			isa = XCBuildConfiguration;
			buildSettings = {
				ASSETCATALOG_COMPILER_APPICON_NAME = AppIcon;
				ASSETCATALOG_COMPILER_GLOBAL_ACCENT_COLOR_NAME = AccentColor;
				CODE_SIGN_STYLE = Automatic;
				CURRENT_PROJECT_VERSION = 1;
				DEVELOPMENT_TEAM = GZFLA6HU23;
				GENERATE_INFOPLIST_FILE = YES;
				INFOPLIST_FILE = "Basic Exercises Part 5.1/Info.plist";
				INFOPLIST_KEY_UIApplicationSupportsIndirectInputEvents = YES;
				INFOPLIST_KEY_UILaunchStoryboardName = LaunchScreen;
				INFOPLIST_KEY_UIMainStoryboardFile = Main;
				INFOPLIST_KEY_UISupportedInterfaceOrientations_iPad = "UIInterfaceOrientationPortrait UIInterfaceOrientationPortraitUpsideDown UIInterfaceOrientationLandscapeLeft UIInterfaceOrientationLandscapeRight";
				INFOPLIST_KEY_UISupportedInterfaceOrientations_iPhone = "UIInterfaceOrientationPortrait UIInterfaceOrientationLandscapeLeft UIInterfaceOrientationLandscapeRight";
				LD_RUNPATH_SEARCH_PATHS = (
					"$(inherited)",
					"@executable_path/Frameworks",
				);
				MARKETING_VERSION = 1.0;
				PRODUCT_BUNDLE_IDENTIFIER = "TAE.Basic-Exercises-Part-5-1";
				PRODUCT_NAME = "$(TARGET_NAME)";
				SWIFT_EMIT_LOC_STRINGS = YES;
				SWIFT_VERSION = 5.0;
				TARGETED_DEVICE_FAMILY = "1,2";
			};
			name = Debug;
		};
		06D0D716274E746F00B8F4F1 /* Release */ = {
			isa = XCBuildConfiguration;
			buildSettings = {
				ASSETCATALOG_COMPILER_APPICON_NAME = AppIcon;
				ASSETCATALOG_COMPILER_GLOBAL_ACCENT_COLOR_NAME = AccentColor;
				CODE_SIGN_STYLE = Automatic;
				CURRENT_PROJECT_VERSION = 1;
				DEVELOPMENT_TEAM = GZFLA6HU23;
				GENERATE_INFOPLIST_FILE = YES;
				INFOPLIST_FILE = "Basic Exercises Part 5.1/Info.plist";
				INFOPLIST_KEY_UIApplicationSupportsIndirectInputEvents = YES;
				INFOPLIST_KEY_UILaunchStoryboardName = LaunchScreen;
				INFOPLIST_KEY_UIMainStoryboardFile = Main;
				INFOPLIST_KEY_UISupportedInterfaceOrientations_iPad = "UIInterfaceOrientationPortrait UIInterfaceOrientationPortraitUpsideDown UIInterfaceOrientationLandscapeLeft UIInterfaceOrientationLandscapeRight";
				INFOPLIST_KEY_UISupportedInterfaceOrientations_iPhone = "UIInterfaceOrientationPortrait UIInterfaceOrientationLandscapeLeft UIInterfaceOrientationLandscapeRight";
				LD_RUNPATH_SEARCH_PATHS = (
					"$(inherited)",
					"@executable_path/Frameworks",
				);
				MARKETING_VERSION = 1.0;
				PRODUCT_BUNDLE_IDENTIFIER = "TAE.Basic-Exercises-Part-5-1";
				PRODUCT_NAME = "$(TARGET_NAME)";
				SWIFT_EMIT_LOC_STRINGS = YES;
				SWIFT_VERSION = 5.0;
				TARGETED_DEVICE_FAMILY = "1,2";
			};
			name = Release;
		};
		06D0D718274E746F00B8F4F1 /* Debug */ = {
			isa = XCBuildConfiguration;
			buildSettings = {
				ALWAYS_EMBED_SWIFT_STANDARD_LIBRARIES = YES;
				BUNDLE_LOADER = "$(TEST_HOST)";
				CODE_SIGN_STYLE = Automatic;
				CURRENT_PROJECT_VERSION = 1;
				DEVELOPMENT_TEAM = GZFLA6HU23;
				GENERATE_INFOPLIST_FILE = YES;
				IPHONEOS_DEPLOYMENT_TARGET = 15.0;
				LD_RUNPATH_SEARCH_PATHS = (
					"$(inherited)",
					"@executable_path/Frameworks",
					"@loader_path/Frameworks",
				);
				MARKETING_VERSION = 1.0;
				PRODUCT_BUNDLE_IDENTIFIER = "TAE.Basic-Exercises-Part-5-1Tests";
				PRODUCT_NAME = "$(TARGET_NAME)";
				SWIFT_EMIT_LOC_STRINGS = NO;
				SWIFT_VERSION = 5.0;
				TARGETED_DEVICE_FAMILY = "1,2";
				TEST_HOST = "$(BUILT_PRODUCTS_DIR)/Basic Exercises Part 5.1.app/Basic Exercises Part 5.1";
			};
			name = Debug;
		};
		06D0D719274E746F00B8F4F1 /* Release */ = {
			isa = XCBuildConfiguration;
			buildSettings = {
				ALWAYS_EMBED_SWIFT_STANDARD_LIBRARIES = YES;
				BUNDLE_LOADER = "$(TEST_HOST)";
				CODE_SIGN_STYLE = Automatic;
				CURRENT_PROJECT_VERSION = 1;
				DEVELOPMENT_TEAM = GZFLA6HU23;
				GENERATE_INFOPLIST_FILE = YES;
				IPHONEOS_DEPLOYMENT_TARGET = 15.0;
				LD_RUNPATH_SEARCH_PATHS = (
					"$(inherited)",
					"@executable_path/Frameworks",
					"@loader_path/Frameworks",
				);
				MARKETING_VERSION = 1.0;
				PRODUCT_BUNDLE_IDENTIFIER = "TAE.Basic-Exercises-Part-5-1Tests";
				PRODUCT_NAME = "$(TARGET_NAME)";
				SWIFT_EMIT_LOC_STRINGS = NO;
				SWIFT_VERSION = 5.0;
				TARGETED_DEVICE_FAMILY = "1,2";
				TEST_HOST = "$(BUILT_PRODUCTS_DIR)/Basic Exercises Part 5.1.app/Basic Exercises Part 5.1";
			};
			name = Release;
		};
		06D0D71B274E746F00B8F4F1 /* Debug */ = {
			isa = XCBuildConfiguration;
			buildSettings = {
				ALWAYS_EMBED_SWIFT_STANDARD_LIBRARIES = YES;
				CODE_SIGN_STYLE = Automatic;
				CURRENT_PROJECT_VERSION = 1;
				DEVELOPMENT_TEAM = GZFLA6HU23;
				GENERATE_INFOPLIST_FILE = YES;
				LD_RUNPATH_SEARCH_PATHS = (
					"$(inherited)",
					"@executable_path/Frameworks",
					"@loader_path/Frameworks",
				);
				MARKETING_VERSION = 1.0;
				PRODUCT_BUNDLE_IDENTIFIER = "TAE.Basic-Exercises-Part-5-1UITests";
				PRODUCT_NAME = "$(TARGET_NAME)";
				SWIFT_EMIT_LOC_STRINGS = NO;
				SWIFT_VERSION = 5.0;
				TARGETED_DEVICE_FAMILY = "1,2";
				TEST_TARGET_NAME = "Basic Exercises Part 5.1";
			};
			name = Debug;
		};
		06D0D71C274E746F00B8F4F1 /* Release */ = {
			isa = XCBuildConfiguration;
			buildSettings = {
				ALWAYS_EMBED_SWIFT_STANDARD_LIBRARIES = YES;
				CODE_SIGN_STYLE = Automatic;
				CURRENT_PROJECT_VERSION = 1;
				DEVELOPMENT_TEAM = GZFLA6HU23;
				GENERATE_INFOPLIST_FILE = YES;
				LD_RUNPATH_SEARCH_PATHS = (
					"$(inherited)",
					"@executable_path/Frameworks",
					"@loader_path/Frameworks",
				);
				MARKETING_VERSION = 1.0;
				PRODUCT_BUNDLE_IDENTIFIER = "TAE.Basic-Exercises-Part-5-1UITests";
				PRODUCT_NAME = "$(TARGET_NAME)";
				SWIFT_EMIT_LOC_STRINGS = NO;
				SWIFT_VERSION = 5.0;
				TARGETED_DEVICE_FAMILY = "1,2";
				TEST_TARGET_NAME = "Basic Exercises Part 5.1";
			};
			name = Release;
		};
/* End XCBuildConfiguration section */

/* Begin XCConfigurationList section */
		06D0D6E5274E746C00B8F4F1 /* Build configuration list for PBXProject "Basic Exercises Part 5.1" */ = {
			isa = XCConfigurationList;
			buildConfigurations = (
				06D0D712274E746F00B8F4F1 /* Debug */,
				06D0D713274E746F00B8F4F1 /* Release */,
			);
			defaultConfigurationIsVisible = 0;
			defaultConfigurationName = Release;
		};
		06D0D714274E746F00B8F4F1 /* Build configuration list for PBXNativeTarget "Basic Exercises Part 5.1" */ = {
			isa = XCConfigurationList;
			buildConfigurations = (
				06D0D715274E746F00B8F4F1 /* Debug */,
				06D0D716274E746F00B8F4F1 /* Release */,
			);
			defaultConfigurationIsVisible = 0;
			defaultConfigurationName = Release;
		};
		06D0D717274E746F00B8F4F1 /* Build configuration list for PBXNativeTarget "Basic Exercises Part 5.1Tests" */ = {
			isa = XCConfigurationList;
			buildConfigurations = (
				06D0D718274E746F00B8F4F1 /* Debug */,
				06D0D719274E746F00B8F4F1 /* Release */,
			);
			defaultConfigurationIsVisible = 0;
			defaultConfigurationName = Release;
		};
		06D0D71A274E746F00B8F4F1 /* Build configuration list for PBXNativeTarget "Basic Exercises Part 5.1UITests" */ = {
			isa = XCConfigurationList;
			buildConfigurations = (
				06D0D71B274E746F00B8F4F1 /* Debug */,
				06D0D71C274E746F00B8F4F1 /* Release */,
			);
			defaultConfigurationIsVisible = 0;
			defaultConfigurationName = Release;
		};
/* End XCConfigurationList section */
	};
	rootObject = 06D0D6E2274E746C00B8F4F1 /* Project object */;
}
