// !$*UTF8*$!
{
	archiveVersion = 1;
	classes = {
	};
	objectVersion = 55;
	objects = {

/* Begin PBXBuildFile section */
		06404B7A2753C82D00683A19 /* AppDelegate.swift in Sources */ = {isa = PBXBuildFile; fileRef = 06404B792753C82D00683A19 /* AppDelegate.swift */; };
		06404B7C2753C82D00683A19 /* SceneDelegate.swift in Sources */ = {isa = PBXBuildFile; fileRef = 06404B7B2753C82D00683A19 /* SceneDelegate.swift */; };
		06404B7E2753C82D00683A19 /* ViewController.swift in Sources */ = {isa = PBXBuildFile; fileRef = 06404B7D2753C82D00683A19 /* ViewController.swift */; };
		06404B812753C82D00683A19 /* Main.storyboard in Resources */ = {isa = PBXBuildFile; fileRef = 06404B7F2753C82D00683A19 /* Main.storyboard */; };
		06404B832753C83100683A19 /* Assets.xcassets in Resources */ = {isa = PBXBuildFile; fileRef = 06404B822753C83100683A19 /* Assets.xcassets */; };
		06404B862753C83100683A19 /* LaunchScreen.storyboard in Resources */ = {isa = PBXBuildFile; fileRef = 06404B842753C83100683A19 /* LaunchScreen.storyboard */; };
		06404B912753C83200683A19 /* Basic_Exercises_Part_3_1Tests.swift in Sources */ = {isa = PBXBuildFile; fileRef = 06404B902753C83200683A19 /* Basic_Exercises_Part_3_1Tests.swift */; };
		06404B9B2753C83200683A19 /* Basic_Exercises_Part_3_1UITests.swift in Sources */ = {isa = PBXBuildFile; fileRef = 06404B9A2753C83200683A19 /* Basic_Exercises_Part_3_1UITests.swift */; };
		06404B9D2753C83200683A19 /* Basic_Exercises_Part_3_1UITestsLaunchTests.swift in Sources */ = {isa = PBXBuildFile; fileRef = 06404B9C2753C83200683A19 /* Basic_Exercises_Part_3_1UITestsLaunchTests.swift */; };
/* End PBXBuildFile section */

/* Begin PBXContainerItemProxy section */
		06404B8D2753C83200683A19 /* PBXContainerItemProxy */ = {
			isa = PBXContainerItemProxy;
			containerPortal = 06404B6E2753C82D00683A19 /* Project object */;
			proxyType = 1;
			remoteGlobalIDString = 06404B752753C82D00683A19;
			remoteInfo = "Basic Exercises Part 3.1";
		};
		06404B972753C83200683A19 /* PBXContainerItemProxy */ = {
			isa = PBXContainerItemProxy;
			containerPortal = 06404B6E2753C82D00683A19 /* Project object */;
			proxyType = 1;
			remoteGlobalIDString = 06404B752753C82D00683A19;
			remoteInfo = "Basic Exercises Part 3.1";
		};
/* End PBXContainerItemProxy section */

/* Begin PBXFileReference section */
		06404B762753C82D00683A19 /* Basic Exercises Part 3.1.app */ = {isa = PBXFileReference; explicitFileType = wrapper.application; includeInIndex = 0; path = "Basic Exercises Part 3.1.app"; sourceTree = BUILT_PRODUCTS_DIR; };
		06404B792753C82D00683A19 /* AppDelegate.swift */ = {isa = PBXFileReference; lastKnownFileType = sourcecode.swift; path = AppDelegate.swift; sourceTree = "<group>"; };
		06404B7B2753C82D00683A19 /* SceneDelegate.swift */ = {isa = PBXFileReference; lastKnownFileType = sourcecode.swift; path = SceneDelegate.swift; sourceTree = "<group>"; };
		06404B7D2753C82D00683A19 /* ViewController.swift */ = {isa = PBXFileReference; lastKnownFileType = sourcecode.swift; path = ViewController.swift; sourceTree = "<group>"; };
		06404B802753C82D00683A19 /* Base */ = {isa = PBXFileReference; lastKnownFileType = file.storyboard; name = Base; path = Base.lproj/Main.storyboard; sourceTree = "<group>"; };
		06404B822753C83100683A19 /* Assets.xcassets */ = {isa = PBXFileReference; lastKnownFileType = folder.assetcatalog; path = Assets.xcassets; sourceTree = "<group>"; };
		06404B852753C83100683A19 /* Base */ = {isa = PBXFileReference; lastKnownFileType = file.storyboard; name = Base; path = Base.lproj/LaunchScreen.storyboard; sourceTree = "<group>"; };
		06404B872753C83100683A19 /* Info.plist */ = {isa = PBXFileReference; lastKnownFileType = text.plist.xml; path = Info.plist; sourceTree = "<group>"; };
		06404B8C2753C83200683A19 /* Basic Exercises Part 3.1Tests.xctest */ = {isa = PBXFileReference; explicitFileType = wrapper.cfbundle; includeInIndex = 0; path = "Basic Exercises Part 3.1Tests.xctest"; sourceTree = BUILT_PRODUCTS_DIR; };
		06404B902753C83200683A19 /* Basic_Exercises_Part_3_1Tests.swift */ = {isa = PBXFileReference; lastKnownFileType = sourcecode.swift; path = Basic_Exercises_Part_3_1Tests.swift; sourceTree = "<group>"; };
		06404B962753C83200683A19 /* Basic Exercises Part 3.1UITests.xctest */ = {isa = PBXFileReference; explicitFileType = wrapper.cfbundle; includeInIndex = 0; path = "Basic Exercises Part 3.1UITests.xctest"; sourceTree = BUILT_PRODUCTS_DIR; };
		06404B9A2753C83200683A19 /* Basic_Exercises_Part_3_1UITests.swift */ = {isa = PBXFileReference; lastKnownFileType = sourcecode.swift; path = Basic_Exercises_Part_3_1UITests.swift; sourceTree = "<group>"; };
		06404B9C2753C83200683A19 /* Basic_Exercises_Part_3_1UITestsLaunchTests.swift */ = {isa = PBXFileReference; lastKnownFileType = sourcecode.swift; path = Basic_Exercises_Part_3_1UITestsLaunchTests.swift; sourceTree = "<group>"; };
/* End PBXFileReference section */

/* Begin PBXFrameworksBuildPhase section */
		06404B732753C82D00683A19 /* Frameworks */ = {
			isa = PBXFrameworksBuildPhase;
			buildActionMask = 2147483647;
			files = (
			);
			runOnlyForDeploymentPostprocessing = 0;
		};
		06404B892753C83200683A19 /* Frameworks */ = {
			isa = PBXFrameworksBuildPhase;
			buildActionMask = 2147483647;
			files = (
			);
			runOnlyForDeploymentPostprocessing = 0;
		};
		06404B932753C83200683A19 /* Frameworks */ = {
			isa = PBXFrameworksBuildPhase;
			buildActionMask = 2147483647;
			files = (
			);
			runOnlyForDeploymentPostprocessing = 0;
		};
/* End PBXFrameworksBuildPhase section */

/* Begin PBXGroup section */
		06404B6D2753C82D00683A19 = {
			isa = PBXGroup;
			children = (
				06404B782753C82D00683A19 /* Basic Exercises Part 3.1 */,
				06404B8F2753C83200683A19 /* Basic Exercises Part 3.1Tests */,
				06404B992753C83200683A19 /* Basic Exercises Part 3.1UITests */,
				06404B772753C82D00683A19 /* Products */,
			);
			sourceTree = "<group>";
		};
		06404B772753C82D00683A19 /* Products */ = {
			isa = PBXGroup;
			children = (
				06404B762753C82D00683A19 /* Basic Exercises Part 3.1.app */,
				06404B8C2753C83200683A19 /* Basic Exercises Part 3.1Tests.xctest */,
				06404B962753C83200683A19 /* Basic Exercises Part 3.1UITests.xctest */,
			);
			name = Products;
			sourceTree = "<group>";
		};
		06404B782753C82D00683A19 /* Basic Exercises Part 3.1 */ = {
			isa = PBXGroup;
			children = (
				06404B792753C82D00683A19 /* AppDelegate.swift */,
				06404B7B2753C82D00683A19 /* SceneDelegate.swift */,
				06404B7D2753C82D00683A19 /* ViewController.swift */,
				06404B7F2753C82D00683A19 /* Main.storyboard */,
				06404B822753C83100683A19 /* Assets.xcassets */,
				06404B842753C83100683A19 /* LaunchScreen.storyboard */,
				06404B872753C83100683A19 /* Info.plist */,
			);
			path = "Basic Exercises Part 3.1";
			sourceTree = "<group>";
		};
		06404B8F2753C83200683A19 /* Basic Exercises Part 3.1Tests */ = {
			isa = PBXGroup;
			children = (
				06404B902753C83200683A19 /* Basic_Exercises_Part_3_1Tests.swift */,
			);
			path = "Basic Exercises Part 3.1Tests";
			sourceTree = "<group>";
		};
		06404B992753C83200683A19 /* Basic Exercises Part 3.1UITests */ = {
			isa = PBXGroup;
			children = (
				06404B9A2753C83200683A19 /* Basic_Exercises_Part_3_1UITests.swift */,
				06404B9C2753C83200683A19 /* Basic_Exercises_Part_3_1UITestsLaunchTests.swift */,
			);
			path = "Basic Exercises Part 3.1UITests";
			sourceTree = "<group>";
		};
/* End PBXGroup section */

/* Begin PBXNativeTarget section */
		06404B752753C82D00683A19 /* Basic Exercises Part 3.1 */ = {
			isa = PBXNativeTarget;
			buildConfigurationList = 06404BA02753C83200683A19 /* Build configuration list for PBXNativeTarget "Basic Exercises Part 3.1" */;
			buildPhases = (
				06404B722753C82D00683A19 /* Sources */,
				06404B732753C82D00683A19 /* Frameworks */,
				06404B742753C82D00683A19 /* Resources */,
			);
			buildRules = (
			);
			dependencies = (
			);
			name = "Basic Exercises Part 3.1";
			productName = "Basic Exercises Part 3.1";
			productReference = 06404B762753C82D00683A19 /* Basic Exercises Part 3.1.app */;
			productType = "com.apple.product-type.application";
		};
		06404B8B2753C83200683A19 /* Basic Exercises Part 3.1Tests */ = {
			isa = PBXNativeTarget;
			buildConfigurationList = 06404BA32753C83200683A19 /* Build configuration list for PBXNativeTarget "Basic Exercises Part 3.1Tests" */;
			buildPhases = (
				06404B882753C83200683A19 /* Sources */,
				06404B892753C83200683A19 /* Frameworks */,
				06404B8A2753C83200683A19 /* Resources */,
			);
			buildRules = (
			);
			dependencies = (
				06404B8E2753C83200683A19 /* PBXTargetDependency */,
			);
			name = "Basic Exercises Part 3.1Tests";
			productName = "Basic Exercises Part 3.1Tests";
			productReference = 06404B8C2753C83200683A19 /* Basic Exercises Part 3.1Tests.xctest */;
			productType = "com.apple.product-type.bundle.unit-test";
		};
		06404B952753C83200683A19 /* Basic Exercises Part 3.1UITests */ = {
			isa = PBXNativeTarget;
			buildConfigurationList = 06404BA62753C83200683A19 /* Build configuration list for PBXNativeTarget "Basic Exercises Part 3.1UITests" */;
			buildPhases = (
				06404B922753C83200683A19 /* Sources */,
				06404B932753C83200683A19 /* Frameworks */,
				06404B942753C83200683A19 /* Resources */,
			);
			buildRules = (
			);
			dependencies = (
				06404B982753C83200683A19 /* PBXTargetDependency */,
			);
			name = "Basic Exercises Part 3.1UITests";
			productName = "Basic Exercises Part 3.1UITests";
			productReference = 06404B962753C83200683A19 /* Basic Exercises Part 3.1UITests.xctest */;
			productType = "com.apple.product-type.bundle.ui-testing";
		};
/* End PBXNativeTarget section */

/* Begin PBXProject section */
		06404B6E2753C82D00683A19 /* Project object */ = {
			isa = PBXProject;
			attributes = {
				BuildIndependentTargetsInParallel = 1;
				LastSwiftUpdateCheck = 1310;
				LastUpgradeCheck = 1310;
				TargetAttributes = {
					06404B752753C82D00683A19 = {
						CreatedOnToolsVersion = 13.1;
					};
					06404B8B2753C83200683A19 = {
						CreatedOnToolsVersion = 13.1;
						TestTargetID = 06404B752753C82D00683A19;
					};
					06404B952753C83200683A19 = {
						CreatedOnToolsVersion = 13.1;
						TestTargetID = 06404B752753C82D00683A19;
					};
				};
			};
			buildConfigurationList = 06404B712753C82D00683A19 /* Build configuration list for PBXProject "Basic Exercises Part 3.1" */;
			compatibilityVersion = "Xcode 13.0";
			developmentRegion = en;
			hasScannedForEncodings = 0;
			knownRegions = (
				en,
				Base,
			);
			mainGroup = 06404B6D2753C82D00683A19;
			productRefGroup = 06404B772753C82D00683A19 /* Products */;
			projectDirPath = "";
			projectRoot = "";
			targets = (
				06404B752753C82D00683A19 /* Basic Exercises Part 3.1 */,
				06404B8B2753C83200683A19 /* Basic Exercises Part 3.1Tests */,
				06404B952753C83200683A19 /* Basic Exercises Part 3.1UITests */,
			);
		};
/* End PBXProject section */

/* Begin PBXResourcesBuildPhase section */
		06404B742753C82D00683A19 /* Resources */ = {
			isa = PBXResourcesBuildPhase;
			buildActionMask = 2147483647;
			files = (
				06404B862753C83100683A19 /* LaunchScreen.storyboard in Resources */,
				06404B832753C83100683A19 /* Assets.xcassets in Resources */,
				06404B812753C82D00683A19 /* Main.storyboard in Resources */,
			);
			runOnlyForDeploymentPostprocessing = 0;
		};
		06404B8A2753C83200683A19 /* Resources */ = {
			isa = PBXResourcesBuildPhase;
			buildActionMask = 2147483647;
			files = (
			);
			runOnlyForDeploymentPostprocessing = 0;
		};
		06404B942753C83200683A19 /* Resources */ = {
			isa = PBXResourcesBuildPhase;
			buildActionMask = 2147483647;
			files = (
			);
			runOnlyForDeploymentPostprocessing = 0;
		};
/* End PBXResourcesBuildPhase section */

/* Begin PBXSourcesBuildPhase section */
		06404B722753C82D00683A19 /* Sources */ = {
			isa = PBXSourcesBuildPhase;
			buildActionMask = 2147483647;
			files = (
				06404B7E2753C82D00683A19 /* ViewController.swift in Sources */,
				06404B7A2753C82D00683A19 /* AppDelegate.swift in Sources */,
				06404B7C2753C82D00683A19 /* SceneDelegate.swift in Sources */,
			);
			runOnlyForDeploymentPostprocessing = 0;
		};
		06404B882753C83200683A19 /* Sources */ = {
			isa = PBXSourcesBuildPhase;
			buildActionMask = 2147483647;
			files = (
				06404B912753C83200683A19 /* Basic_Exercises_Part_3_1Tests.swift in Sources */,
			);
			runOnlyForDeploymentPostprocessing = 0;
		};
		06404B922753C83200683A19 /* Sources */ = {
			isa = PBXSourcesBuildPhase;
			buildActionMask = 2147483647;
			files = (
				06404B9D2753C83200683A19 /* Basic_Exercises_Part_3_1UITestsLaunchTests.swift in Sources */,
				06404B9B2753C83200683A19 /* Basic_Exercises_Part_3_1UITests.swift in Sources */,
			);
			runOnlyForDeploymentPostprocessing = 0;
		};
/* End PBXSourcesBuildPhase section */

/* Begin PBXTargetDependency section */
		06404B8E2753C83200683A19 /* PBXTargetDependency */ = {
			isa = PBXTargetDependency;
			target = 06404B752753C82D00683A19 /* Basic Exercises Part 3.1 */;
			targetProxy = 06404B8D2753C83200683A19 /* PBXContainerItemProxy */;
		};
		06404B982753C83200683A19 /* PBXTargetDependency */ = {
			isa = PBXTargetDependency;
			target = 06404B752753C82D00683A19 /* Basic Exercises Part 3.1 */;
			targetProxy = 06404B972753C83200683A19 /* PBXContainerItemProxy */;
		};
/* End PBXTargetDependency section */

/* Begin PBXVariantGroup section */
		06404B7F2753C82D00683A19 /* Main.storyboard */ = {
			isa = PBXVariantGroup;
			children = (
				06404B802753C82D00683A19 /* Base */,
			);
			name = Main.storyboard;
			sourceTree = "<group>";
		};
		06404B842753C83100683A19 /* LaunchScreen.storyboard */ = {
			isa = PBXVariantGroup;
			children = (
				06404B852753C83100683A19 /* Base */,
			);
			name = LaunchScreen.storyboard;
			sourceTree = "<group>";
		};
/* End PBXVariantGroup section */

/* Begin XCBuildConfiguration section */
		06404B9E2753C83200683A19 /* Debug */ = {
			isa = XCBuildConfiguration;
			buildSettings = {
				ALWAYS_SEARCH_USER_PATHS = NO;
				CLANG_ANALYZER_NONNULL = YES;
				CLANG_ANALYZER_NUMBER_OBJECT_CONVERSION = YES_AGGRESSIVE;
				CLANG_CXX_LANGUAGE_STANDARD = "gnu++17";
				CLANG_CXX_LIBRARY = "libc++";
				CLANG_ENABLE_MODULES = YES;
				CLANG_ENABLE_OBJC_ARC = YES;
				CLANG_ENABLE_OBJC_WEAK = YES;
				CLANG_WARN_BLOCK_CAPTURE_AUTORELEASING = YES;
				CLANG_WARN_BOOL_CONVERSION = YES;
				CLANG_WARN_COMMA = YES;
				CLANG_WARN_CONSTANT_CONVERSION = YES;
				CLANG_WARN_DEPRECATED_OBJC_IMPLEMENTATIONS = YES;
				CLANG_WARN_DIRECT_OBJC_ISA_USAGE = YES_ERROR;
				CLANG_WARN_DOCUMENTATION_COMMENTS = YES;
				CLANG_WARN_EMPTY_BODY = YES;
				CLANG_WARN_ENUM_CONVERSION = YES;
				CLANG_WARN_INFINITE_RECURSION = YES;
				CLANG_WARN_INT_CONVERSION = YES;
				CLANG_WARN_NON_LITERAL_NULL_CONVERSION = YES;
				CLANG_WARN_OBJC_IMPLICIT_RETAIN_SELF = YES;
				CLANG_WARN_OBJC_LITERAL_CONVERSION = YES;
				CLANG_WARN_OBJC_ROOT_CLASS = YES_ERROR;
				CLANG_WARN_QUOTED_INCLUDE_IN_FRAMEWORK_HEADER = YES;
				CLANG_WARN_RANGE_LOOP_ANALYSIS = YES;
				CLANG_WARN_STRICT_PROTOTYPES = YES;
				CLANG_WARN_SUSPICIOUS_MOVE = YES;
				CLANG_WARN_UNGUARDED_AVAILABILITY = YES_AGGRESSIVE;
				CLANG_WARN_UNREACHABLE_CODE = YES;
				CLANG_WARN__DUPLICATE_METHOD_MATCH = YES;
				COPY_PHASE_STRIP = NO;
				DEBUG_INFORMATION_FORMAT = dwarf;
				ENABLE_STRICT_OBJC_MSGSEND = YES;
				ENABLE_TESTABILITY = YES;
				GCC_C_LANGUAGE_STANDARD = gnu11;
				GCC_DYNAMIC_NO_PIC = NO;
				GCC_NO_COMMON_BLOCKS = YES;
				GCC_OPTIMIZATION_LEVEL = 0;
				GCC_PREPROCESSOR_DEFINITIONS = (
					"DEBUG=1",
					"$(inherited)",
				);
				GCC_WARN_64_TO_32_BIT_CONVERSION = YES;
				GCC_WARN_ABOUT_RETURN_TYPE = YES_ERROR;
				GCC_WARN_UNDECLARED_SELECTOR = YES;
				GCC_WARN_UNINITIALIZED_AUTOS = YES_AGGRESSIVE;
				GCC_WARN_UNUSED_FUNCTION = YES;
				GCC_WARN_UNUSED_VARIABLE = YES;
				IPHONEOS_DEPLOYMENT_TARGET = 15.0;
				MTL_ENABLE_DEBUG_INFO = INCLUDE_SOURCE;
				MTL_FAST_MATH = YES;
				ONLY_ACTIVE_ARCH = YES;
				SDKROOT = iphoneos;
				SWIFT_ACTIVE_COMPILATION_CONDITIONS = DEBUG;
				SWIFT_OPTIMIZATION_LEVEL = "-Onone";
			};
			name = Debug;
		};
		06404B9F2753C83200683A19 /* Release */ = {
			isa = XCBuildConfiguration;
			buildSettings = {
				ALWAYS_SEARCH_USER_PATHS = NO;
				CLANG_ANALYZER_NONNULL = YES;
				CLANG_ANALYZER_NUMBER_OBJECT_CONVERSION = YES_AGGRESSIVE;
				CLANG_CXX_LANGUAGE_STANDARD = "gnu++17";
				CLANG_CXX_LIBRARY = "libc++";
				CLANG_ENABLE_MODULES = YES;
				CLANG_ENABLE_OBJC_ARC = YES;
				CLANG_ENABLE_OBJC_WEAK = YES;
				CLANG_WARN_BLOCK_CAPTURE_AUTORELEASING = YES;
				CLANG_WARN_BOOL_CONVERSION = YES;
				CLANG_WARN_COMMA = YES;
				CLANG_WARN_CONSTANT_CONVERSION = YES;
				CLANG_WARN_DEPRECATED_OBJC_IMPLEMENTATIONS = YES;
				CLANG_WARN_DIRECT_OBJC_ISA_USAGE = YES_ERROR;
				CLANG_WARN_DOCUMENTATION_COMMENTS = YES;
				CLANG_WARN_EMPTY_BODY = YES;
				CLANG_WARN_ENUM_CONVERSION = YES;
				CLANG_WARN_INFINITE_RECURSION = YES;
				CLANG_WARN_INT_CONVERSION = YES;
				CLANG_WARN_NON_LITERAL_NULL_CONVERSION = YES;
				CLANG_WARN_OBJC_IMPLICIT_RETAIN_SELF = YES;
				CLANG_WARN_OBJC_LITERAL_CONVERSION = YES;
				CLANG_WARN_OBJC_ROOT_CLASS = YES_ERROR;
				CLANG_WARN_QUOTED_INCLUDE_IN_FRAMEWORK_HEADER = YES;
				CLANG_WARN_RANGE_LOOP_ANALYSIS = YES;
				CLANG_WARN_STRICT_PROTOTYPES = YES;
				CLANG_WARN_SUSPICIOUS_MOVE = YES;
				CLANG_WARN_UNGUARDED_AVAILABILITY = YES_AGGRESSIVE;
				CLANG_WARN_UNREACHABLE_CODE = YES;
				CLANG_WARN__DUPLICATE_METHOD_MATCH = YES;
				COPY_PHASE_STRIP = NO;
				DEBUG_INFORMATION_FORMAT = "dwarf-with-dsym";
				ENABLE_NS_ASSERTIONS = NO;
				ENABLE_STRICT_OBJC_MSGSEND = YES;
				GCC_C_LANGUAGE_STANDARD = gnu11;
				GCC_NO_COMMON_BLOCKS = YES;
				GCC_WARN_64_TO_32_BIT_CONVERSION = YES;
				GCC_WARN_ABOUT_RETURN_TYPE = YES_ERROR;
				GCC_WARN_UNDECLARED_SELECTOR = YES;
				GCC_WARN_UNINITIALIZED_AUTOS = YES_AGGRESSIVE;
				GCC_WARN_UNUSED_FUNCTION = YES;
				GCC_WARN_UNUSED_VARIABLE = YES;
				IPHONEOS_DEPLOYMENT_TARGET = 15.0;
				MTL_ENABLE_DEBUG_INFO = NO;
				MTL_FAST_MATH = YES;
				SDKROOT = iphoneos;
				SWIFT_COMPILATION_MODE = wholemodule;
				SWIFT_OPTIMIZATION_LEVEL = "-O";
				VALIDATE_PRODUCT = YES;
			};
			name = Release;
		};
		06404BA12753C83200683A19 /* Debug */ = {
			isa = XCBuildConfiguration;
			buildSettings = {
				ASSETCATALOG_COMPILER_APPICON_NAME = AppIcon;
				ASSETCATALOG_COMPILER_GLOBAL_ACCENT_COLOR_NAME = AccentColor;
				CODE_SIGN_STYLE = Automatic;
				CURRENT_PROJECT_VERSION = 1;
				DEVELOPMENT_TEAM = GZFLA6HU23;
				GENERATE_INFOPLIST_FILE = YES;
				INFOPLIST_FILE = "Basic Exercises Part 3.1/Info.plist";
				INFOPLIST_KEY_UIApplicationSupportsIndirectInputEvents = YES;
				INFOPLIST_KEY_UILaunchStoryboardName = LaunchScreen;
				INFOPLIST_KEY_UIMainStoryboardFile = Main;
				INFOPLIST_KEY_UISupportedInterfaceOrientations_iPad = "UIInterfaceOrientationPortrait UIInterfaceOrientationPortraitUpsideDown UIInterfaceOrientationLandscapeLeft UIInterfaceOrientationLandscapeRight";
				INFOPLIST_KEY_UISupportedInterfaceOrientations_iPhone = "UIInterfaceOrientationPortrait UIInterfaceOrientationLandscapeLeft UIInterfaceOrientationLandscapeRight";
				LD_RUNPATH_SEARCH_PATHS = (
					"$(inherited)",
					"@executable_path/Frameworks",
				);
				MARKETING_VERSION = 1.0;
				PRODUCT_BUNDLE_IDENTIFIER = "TAE.Basic-Exercises-Part-3-1";
				PRODUCT_NAME = "$(TARGET_NAME)";
				SWIFT_EMIT_LOC_STRINGS = YES;
				SWIFT_VERSION = 5.0;
				TARGETED_DEVICE_FAMILY = "1,2";
			};
			name = Debug;
		};
		06404BA22753C83200683A19 /* Release */ = {
			isa = XCBuildConfiguration;
			buildSettings = {
				ASSETCATALOG_COMPILER_APPICON_NAME = AppIcon;
				ASSETCATALOG_COMPILER_GLOBAL_ACCENT_COLOR_NAME = AccentColor;
				CODE_SIGN_STYLE = Automatic;
				CURRENT_PROJECT_VERSION = 1;
				DEVELOPMENT_TEAM = GZFLA6HU23;
				GENERATE_INFOPLIST_FILE = YES;
				INFOPLIST_FILE = "Basic Exercises Part 3.1/Info.plist";
				INFOPLIST_KEY_UIApplicationSupportsIndirectInputEvents = YES;
				INFOPLIST_KEY_UILaunchStoryboardName = LaunchScreen;
				INFOPLIST_KEY_UIMainStoryboardFile = Main;
				INFOPLIST_KEY_UISupportedInterfaceOrientations_iPad = "UIInterfaceOrientationPortrait UIInterfaceOrientationPortraitUpsideDown UIInterfaceOrientationLandscapeLeft UIInterfaceOrientationLandscapeRight";
				INFOPLIST_KEY_UISupportedInterfaceOrientations_iPhone = "UIInterfaceOrientationPortrait UIInterfaceOrientationLandscapeLeft UIInterfaceOrientationLandscapeRight";
				LD_RUNPATH_SEARCH_PATHS = (
					"$(inherited)",
					"@executable_path/Frameworks",
				);
				MARKETING_VERSION = 1.0;
				PRODUCT_BUNDLE_IDENTIFIER = "TAE.Basic-Exercises-Part-3-1";
				PRODUCT_NAME = "$(TARGET_NAME)";
				SWIFT_EMIT_LOC_STRINGS = YES;
				SWIFT_VERSION = 5.0;
				TARGETED_DEVICE_FAMILY = "1,2";
			};
			name = Release;
		};
		06404BA42753C83200683A19 /* Debug */ = {
			isa = XCBuildConfiguration;
			buildSettings = {
				ALWAYS_EMBED_SWIFT_STANDARD_LIBRARIES = YES;
				BUNDLE_LOADER = "$(TEST_HOST)";
				CODE_SIGN_STYLE = Automatic;
				CURRENT_PROJECT_VERSION = 1;
				DEVELOPMENT_TEAM = GZFLA6HU23;
				GENERATE_INFOPLIST_FILE = YES;
				IPHONEOS_DEPLOYMENT_TARGET = 15.0;
				LD_RUNPATH_SEARCH_PATHS = (
					"$(inherited)",
					"@executable_path/Frameworks",
					"@loader_path/Frameworks",
				);
				MARKETING_VERSION = 1.0;
				PRODUCT_BUNDLE_IDENTIFIER = "TAE.Basic-Exercises-Part-3-1Tests";
				PRODUCT_NAME = "$(TARGET_NAME)";
				SWIFT_EMIT_LOC_STRINGS = NO;
				SWIFT_VERSION = 5.0;
				TARGETED_DEVICE_FAMILY = "1,2";
				TEST_HOST = "$(BUILT_PRODUCTS_DIR)/Basic Exercises Part 3.1.app/Basic Exercises Part 3.1";
			};
			name = Debug;
		};
		06404BA52753C83200683A19 /* Release */ = {
			isa = XCBuildConfiguration;
			buildSettings = {
				ALWAYS_EMBED_SWIFT_STANDARD_LIBRARIES = YES;
				BUNDLE_LOADER = "$(TEST_HOST)";
				CODE_SIGN_STYLE = Automatic;
				CURRENT_PROJECT_VERSION = 1;
				DEVELOPMENT_TEAM = GZFLA6HU23;
				GENERATE_INFOPLIST_FILE = YES;
				IPHONEOS_DEPLOYMENT_TARGET = 15.0;
				LD_RUNPATH_SEARCH_PATHS = (
					"$(inherited)",
					"@executable_path/Frameworks",
					"@loader_path/Frameworks",
				);
				MARKETING_VERSION = 1.0;
				PRODUCT_BUNDLE_IDENTIFIER = "TAE.Basic-Exercises-Part-3-1Tests";
				PRODUCT_NAME = "$(TARGET_NAME)";
				SWIFT_EMIT_LOC_STRINGS = NO;
				SWIFT_VERSION = 5.0;
				TARGETED_DEVICE_FAMILY = "1,2";
				TEST_HOST = "$(BUILT_PRODUCTS_DIR)/Basic Exercises Part 3.1.app/Basic Exercises Part 3.1";
			};
			name = Release;
		};
		06404BA72753C83200683A19 /* Debug */ = {
			isa = XCBuildConfiguration;
			buildSettings = {
				ALWAYS_EMBED_SWIFT_STANDARD_LIBRARIES = YES;
				CODE_SIGN_STYLE = Automatic;
				CURRENT_PROJECT_VERSION = 1;
				DEVELOPMENT_TEAM = GZFLA6HU23;
				GENERATE_INFOPLIST_FILE = YES;
				LD_RUNPATH_SEARCH_PATHS = (
					"$(inherited)",
					"@executable_path/Frameworks",
					"@loader_path/Frameworks",
				);
				MARKETING_VERSION = 1.0;
				PRODUCT_BUNDLE_IDENTIFIER = "TAE.Basic-Exercises-Part-3-1UITests";
				PRODUCT_NAME = "$(TARGET_NAME)";
				SWIFT_EMIT_LOC_STRINGS = NO;
				SWIFT_VERSION = 5.0;
				TARGETED_DEVICE_FAMILY = "1,2";
				TEST_TARGET_NAME = "Basic Exercises Part 3.1";
			};
			name = Debug;
		};
		06404BA82753C83200683A19 /* Release */ = {
			isa = XCBuildConfiguration;
			buildSettings = {
				ALWAYS_EMBED_SWIFT_STANDARD_LIBRARIES = YES;
				CODE_SIGN_STYLE = Automatic;
				CURRENT_PROJECT_VERSION = 1;
				DEVELOPMENT_TEAM = GZFLA6HU23;
				GENERATE_INFOPLIST_FILE = YES;
				LD_RUNPATH_SEARCH_PATHS = (
					"$(inherited)",
					"@executable_path/Frameworks",
					"@loader_path/Frameworks",
				);
				MARKETING_VERSION = 1.0;
				PRODUCT_BUNDLE_IDENTIFIER = "TAE.Basic-Exercises-Part-3-1UITests";
				PRODUCT_NAME = "$(TARGET_NAME)";
				SWIFT_EMIT_LOC_STRINGS = NO;
				SWIFT_VERSION = 5.0;
				TARGETED_DEVICE_FAMILY = "1,2";
				TEST_TARGET_NAME = "Basic Exercises Part 3.1";
			};
			name = Release;
		};
/* End XCBuildConfiguration section */

/* Begin XCConfigurationList section */
		06404B712753C82D00683A19 /* Build configuration list for PBXProject "Basic Exercises Part 3.1" */ = {
			isa = XCConfigurationList;
			buildConfigurations = (
				06404B9E2753C83200683A19 /* Debug */,
				06404B9F2753C83200683A19 /* Release */,
			);
			defaultConfigurationIsVisible = 0;
			defaultConfigurationName = Release;
		};
		06404BA02753C83200683A19 /* Build configuration list for PBXNativeTarget "Basic Exercises Part 3.1" */ = {
			isa = XCConfigurationList;
			buildConfigurations = (
				06404BA12753C83200683A19 /* Debug */,
				06404BA22753C83200683A19 /* Release */,
			);
			defaultConfigurationIsVisible = 0;
			defaultConfigurationName = Release;
		};
		06404BA32753C83200683A19 /* Build configuration list for PBXNativeTarget "Basic Exercises Part 3.1Tests" */ = {
			isa = XCConfigurationList;
			buildConfigurations = (
				06404BA42753C83200683A19 /* Debug */,
				06404BA52753C83200683A19 /* Release */,
			);
			defaultConfigurationIsVisible = 0;
			defaultConfigurationName = Release;
		};
		06404BA62753C83200683A19 /* Build configuration list for PBXNativeTarget "Basic Exercises Part 3.1UITests" */ = {
			isa = XCConfigurationList;
			buildConfigurations = (
				06404BA72753C83200683A19 /* Debug */,
				06404BA82753C83200683A19 /* Release */,
			);
			defaultConfigurationIsVisible = 0;
			defaultConfigurationName = Release;
		};
/* End XCConfigurationList section */
	};
	rootObject = 06404B6E2753C82D00683A19 /* Project object */;
}
