// !$*UTF8*$!
{
	archiveVersion = 1;
	classes = {
	};
	objectVersion = 55;
	objects = {

/* Begin PBXBuildFile section */
		06410AED2757DA2E0086BAF1 /* AppDelegate.swift in Sources */ = {isa = PBXBuildFile; fileRef = 06410AEC2757DA2E0086BAF1 /* AppDelegate.swift */; };
		06410AEF2757DA2E0086BAF1 /* SceneDelegate.swift in Sources */ = {isa = PBXBuildFile; fileRef = 06410AEE2757DA2E0086BAF1 /* SceneDelegate.swift */; };
		06410AF12757DA2E0086BAF1 /* ViewController.swift in Sources */ = {isa = PBXBuildFile; fileRef = 06410AF02757DA2E0086BAF1 /* ViewController.swift */; };
		06410AF42757DA2E0086BAF1 /* Main.storyboard in Resources */ = {isa = PBXBuildFile; fileRef = 06410AF22757DA2E0086BAF1 /* Main.storyboard */; };
		06410AF62757DA370086BAF1 /* Assets.xcassets in Resources */ = {isa = PBXBuildFile; fileRef = 06410AF52757DA370086BAF1 /* Assets.xcassets */; };
		06410AF92757DA370086BAF1 /* LaunchScreen.storyboard in Resources */ = {isa = PBXBuildFile; fileRef = 06410AF72757DA370086BAF1 /* LaunchScreen.storyboard */; };
		06410B042757DA380086BAF1 /* MovieDatabaseAPI1Tests.swift in Sources */ = {isa = PBXBuildFile; fileRef = 06410B032757DA380086BAF1 /* MovieDatabaseAPI1Tests.swift */; };
		06410B0E2757DA380086BAF1 /* MovieDatabaseAPI1UITests.swift in Sources */ = {isa = PBXBuildFile; fileRef = 06410B0D2757DA380086BAF1 /* MovieDatabaseAPI1UITests.swift */; };
		06410B102757DA380086BAF1 /* MovieDatabaseAPI1UITestsLaunchTests.swift in Sources */ = {isa = PBXBuildFile; fileRef = 06410B0F2757DA380086BAF1 /* MovieDatabaseAPI1UITestsLaunchTests.swift */; };
		06410B1F2757DB0A0086BAF1 /* detailsVC.swift in Sources */ = {isa = PBXBuildFile; fileRef = 06410B1E2757DB0A0086BAF1 /* detailsVC.swift */; };
		06410B212757DBFA0086BAF1 /* Movie.swift in Sources */ = {isa = PBXBuildFile; fileRef = 06410B202757DBFA0086BAF1 /* Movie.swift */; };
		06410B232757DC1D0086BAF1 /* Extension+UIImageView.swift in Sources */ = {isa = PBXBuildFile; fileRef = 06410B222757DC1D0086BAF1 /* Extension+UIImageView.swift */; };
		06410B252758099B0086BAF1 /* Raw.swift in Sources */ = {isa = PBXBuildFile; fileRef = 06410B242758099B0086BAF1 /* Raw.swift */; };
/* End PBXBuildFile section */

/* Begin PBXContainerItemProxy section */
		06410B002757DA380086BAF1 /* PBXContainerItemProxy */ = {
			isa = PBXContainerItemProxy;
			containerPortal = 06410AE12757DA2E0086BAF1 /* Project object */;
			proxyType = 1;
			remoteGlobalIDString = 06410AE82757DA2E0086BAF1;
			remoteInfo = MovieDatabaseAPI1;
		};
		06410B0A2757DA380086BAF1 /* PBXContainerItemProxy */ = {
			isa = PBXContainerItemProxy;
			containerPortal = 06410AE12757DA2E0086BAF1 /* Project object */;
			proxyType = 1;
			remoteGlobalIDString = 06410AE82757DA2E0086BAF1;
			remoteInfo = MovieDatabaseAPI1;
		};
/* End PBXContainerItemProxy section */

/* Begin PBXFileReference section */
		06410AE92757DA2E0086BAF1 /* MovieDatabaseAPI1.app */ = {isa = PBXFileReference; explicitFileType = wrapper.application; includeInIndex = 0; path = MovieDatabaseAPI1.app; sourceTree = BUILT_PRODUCTS_DIR; };
		06410AEC2757DA2E0086BAF1 /* AppDelegate.swift */ = {isa = PBXFileReference; lastKnownFileType = sourcecode.swift; path = AppDelegate.swift; sourceTree = "<group>"; };
		06410AEE2757DA2E0086BAF1 /* SceneDelegate.swift */ = {isa = PBXFileReference; lastKnownFileType = sourcecode.swift; path = SceneDelegate.swift; sourceTree = "<group>"; };
		06410AF02757DA2E0086BAF1 /* ViewController.swift */ = {isa = PBXFileReference; lastKnownFileType = sourcecode.swift; path = ViewController.swift; sourceTree = "<group>"; };
		06410AF32757DA2E0086BAF1 /* Base */ = {isa = PBXFileReference; lastKnownFileType = file.storyboard; name = Base; path = Base.lproj/Main.storyboard; sourceTree = "<group>"; };
		06410AF52757DA370086BAF1 /* Assets.xcassets */ = {isa = PBXFileReference; lastKnownFileType = folder.assetcatalog; path = Assets.xcassets; sourceTree = "<group>"; };
		06410AF82757DA370086BAF1 /* Base */ = {isa = PBXFileReference; lastKnownFileType = file.storyboard; name = Base; path = Base.lproj/LaunchScreen.storyboard; sourceTree = "<group>"; };
		06410AFA2757DA370086BAF1 /* Info.plist */ = {isa = PBXFileReference; lastKnownFileType = text.plist.xml; path = Info.plist; sourceTree = "<group>"; };
		06410AFF2757DA380086BAF1 /* MovieDatabaseAPI1Tests.xctest */ = {isa = PBXFileReference; explicitFileType = wrapper.cfbundle; includeInIndex = 0; path = MovieDatabaseAPI1Tests.xctest; sourceTree = BUILT_PRODUCTS_DIR; };
		06410B032757DA380086BAF1 /* MovieDatabaseAPI1Tests.swift */ = {isa = PBXFileReference; lastKnownFileType = sourcecode.swift; path = MovieDatabaseAPI1Tests.swift; sourceTree = "<group>"; };
		06410B092757DA380086BAF1 /* MovieDatabaseAPI1UITests.xctest */ = {isa = PBXFileReference; explicitFileType = wrapper.cfbundle; includeInIndex = 0; path = MovieDatabaseAPI1UITests.xctest; sourceTree = BUILT_PRODUCTS_DIR; };
		06410B0D2757DA380086BAF1 /* MovieDatabaseAPI1UITests.swift */ = {isa = PBXFileReference; lastKnownFileType = sourcecode.swift; path = MovieDatabaseAPI1UITests.swift; sourceTree = "<group>"; };
		06410B0F2757DA380086BAF1 /* MovieDatabaseAPI1UITestsLaunchTests.swift */ = {isa = PBXFileReference; lastKnownFileType = sourcecode.swift; path = MovieDatabaseAPI1UITestsLaunchTests.swift; sourceTree = "<group>"; };
		06410B1E2757DB0A0086BAF1 /* detailsVC.swift */ = {isa = PBXFileReference; lastKnownFileType = sourcecode.swift; name = detailsVC.swift; path = MovieDatabaseAPI1/detailsVC.swift; sourceTree = SOURCE_ROOT; };
		06410B202757DBFA0086BAF1 /* Movie.swift */ = {isa = PBXFileReference; lastKnownFileType = sourcecode.swift; path = Movie.swift; sourceTree = "<group>"; };
		06410B222757DC1D0086BAF1 /* Extension+UIImageView.swift */ = {isa = PBXFileReference; lastKnownFileType = sourcecode.swift; path = "Extension+UIImageView.swift"; sourceTree = "<group>"; };
		06410B242758099B0086BAF1 /* Raw.swift */ = {isa = PBXFileReference; lastKnownFileType = sourcecode.swift; path = Raw.swift; sourceTree = "<group>"; };
/* End PBXFileReference section */

/* Begin PBXFrameworksBuildPhase section */
		06410AE62757DA2E0086BAF1 /* Frameworks */ = {
			isa = PBXFrameworksBuildPhase;
			buildActionMask = 2147483647;
			files = (
			);
			runOnlyForDeploymentPostprocessing = 0;
		};
		06410AFC2757DA380086BAF1 /* Frameworks */ = {
			isa = PBXFrameworksBuildPhase;
			buildActionMask = 2147483647;
			files = (
			);
			runOnlyForDeploymentPostprocessing = 0;
		};
		06410B062757DA380086BAF1 /* Frameworks */ = {
			isa = PBXFrameworksBuildPhase;
			buildActionMask = 2147483647;
			files = (
			);
			runOnlyForDeploymentPostprocessing = 0;
		};
/* End PBXFrameworksBuildPhase section */

/* Begin PBXGroup section */
		06410AE02757DA2E0086BAF1 = {
			isa = PBXGroup;
			children = (
				06410B1D2757DAE30086BAF1 /* Utils */,
				06410B1C2757DAD90086BAF1 /* Model */,
				06410AEB2757DA2E0086BAF1 /* MovieDatabaseAPI1 */,
				06410B022757DA380086BAF1 /* MovieDatabaseAPI1Tests */,
				06410B0C2757DA380086BAF1 /* MovieDatabaseAPI1UITests */,
				06410AEA2757DA2E0086BAF1 /* Products */,
			);
			sourceTree = "<group>";
		};
		06410AEA2757DA2E0086BAF1 /* Products */ = {
			isa = PBXGroup;
			children = (
				06410AE92757DA2E0086BAF1 /* MovieDatabaseAPI1.app */,
				06410AFF2757DA380086BAF1 /* MovieDatabaseAPI1Tests.xctest */,
				06410B092757DA380086BAF1 /* MovieDatabaseAPI1UITests.xctest */,
			);
			name = Products;
			sourceTree = "<group>";
		};
		06410AEB2757DA2E0086BAF1 /* MovieDatabaseAPI1 */ = {
			isa = PBXGroup;
			children = (
				06410B1E2757DB0A0086BAF1 /* detailsVC.swift */,
				06410AEC2757DA2E0086BAF1 /* AppDelegate.swift */,
				06410AEE2757DA2E0086BAF1 /* SceneDelegate.swift */,
				06410AF02757DA2E0086BAF1 /* ViewController.swift */,
				06410AF22757DA2E0086BAF1 /* Main.storyboard */,
				06410AF52757DA370086BAF1 /* Assets.xcassets */,
				06410AF72757DA370086BAF1 /* LaunchScreen.storyboard */,
				06410AFA2757DA370086BAF1 /* Info.plist */,
			);
			path = MovieDatabaseAPI1;
			sourceTree = "<group>";
		};
		06410B022757DA380086BAF1 /* MovieDatabaseAPI1Tests */ = {
			isa = PBXGroup;
			children = (
				06410B032757DA380086BAF1 /* MovieDatabaseAPI1Tests.swift */,
			);
			path = MovieDatabaseAPI1Tests;
			sourceTree = "<group>";
		};
		06410B0C2757DA380086BAF1 /* MovieDatabaseAPI1UITests */ = {
			isa = PBXGroup;
			children = (
				06410B0D2757DA380086BAF1 /* MovieDatabaseAPI1UITests.swift */,
				06410B0F2757DA380086BAF1 /* MovieDatabaseAPI1UITestsLaunchTests.swift */,
			);
			path = MovieDatabaseAPI1UITests;
			sourceTree = "<group>";
		};
		06410B1C2757DAD90086BAF1 /* Model */ = {
			isa = PBXGroup;
			children = (
				06410B202757DBFA0086BAF1 /* Movie.swift */,
				06410B242758099B0086BAF1 /* Raw.swift */,
			);
			path = Model;
			sourceTree = "<group>";
		};
		06410B1D2757DAE30086BAF1 /* Utils */ = {
			isa = PBXGroup;
			children = (
				06410B222757DC1D0086BAF1 /* Extension+UIImageView.swift */,
			);
			path = Utils;
			sourceTree = "<group>";
		};
/* End PBXGroup section */

/* Begin PBXNativeTarget section */
		06410AE82757DA2E0086BAF1 /* MovieDatabaseAPI1 */ = {
			isa = PBXNativeTarget;
			buildConfigurationList = 06410B132757DA380086BAF1 /* Build configuration list for PBXNativeTarget "MovieDatabaseAPI1" */;
			buildPhases = (
				06410AE52757DA2E0086BAF1 /* Sources */,
				06410AE62757DA2E0086BAF1 /* Frameworks */,
				06410AE72757DA2E0086BAF1 /* Resources */,
			);
			buildRules = (
			);
			dependencies = (
			);
			name = MovieDatabaseAPI1;
			productName = MovieDatabaseAPI1;
			productReference = 06410AE92757DA2E0086BAF1 /* MovieDatabaseAPI1.app */;
			productType = "com.apple.product-type.application";
		};
		06410AFE2757DA380086BAF1 /* MovieDatabaseAPI1Tests */ = {
			isa = PBXNativeTarget;
			buildConfigurationList = 06410B162757DA380086BAF1 /* Build configuration list for PBXNativeTarget "MovieDatabaseAPI1Tests" */;
			buildPhases = (
				06410AFB2757DA380086BAF1 /* Sources */,
				06410AFC2757DA380086BAF1 /* Frameworks */,
				06410AFD2757DA380086BAF1 /* Resources */,
			);
			buildRules = (
			);
			dependencies = (
				06410B012757DA380086BAF1 /* PBXTargetDependency */,
			);
			name = MovieDatabaseAPI1Tests;
			productName = MovieDatabaseAPI1Tests;
			productReference = 06410AFF2757DA380086BAF1 /* MovieDatabaseAPI1Tests.xctest */;
			productType = "com.apple.product-type.bundle.unit-test";
		};
		06410B082757DA380086BAF1 /* MovieDatabaseAPI1UITests */ = {
			isa = PBXNativeTarget;
			buildConfigurationList = 06410B192757DA380086BAF1 /* Build configuration list for PBXNativeTarget "MovieDatabaseAPI1UITests" */;
			buildPhases = (
				06410B052757DA380086BAF1 /* Sources */,
				06410B062757DA380086BAF1 /* Frameworks */,
				06410B072757DA380086BAF1 /* Resources */,
			);
			buildRules = (
			);
			dependencies = (
				06410B0B2757DA380086BAF1 /* PBXTargetDependency */,
			);
			name = MovieDatabaseAPI1UITests;
			productName = MovieDatabaseAPI1UITests;
			productReference = 06410B092757DA380086BAF1 /* MovieDatabaseAPI1UITests.xctest */;
			productType = "com.apple.product-type.bundle.ui-testing";
		};
/* End PBXNativeTarget section */

/* Begin PBXProject section */
		06410AE12757DA2E0086BAF1 /* Project object */ = {
			isa = PBXProject;
			attributes = {
				BuildIndependentTargetsInParallel = 1;
				LastSwiftUpdateCheck = 1310;
				LastUpgradeCheck = 1310;
				TargetAttributes = {
					06410AE82757DA2E0086BAF1 = {
						CreatedOnToolsVersion = 13.1;
					};
					06410AFE2757DA380086BAF1 = {
						CreatedOnToolsVersion = 13.1;
						TestTargetID = 06410AE82757DA2E0086BAF1;
					};
					06410B082757DA380086BAF1 = {
						CreatedOnToolsVersion = 13.1;
						TestTargetID = 06410AE82757DA2E0086BAF1;
					};
				};
			};
			buildConfigurationList = 06410AE42757DA2E0086BAF1 /* Build configuration list for PBXProject "MovieDatabaseAPI1" */;
			compatibilityVersion = "Xcode 13.0";
			developmentRegion = en;
			hasScannedForEncodings = 0;
			knownRegions = (
				en,
				Base,
			);
			mainGroup = 06410AE02757DA2E0086BAF1;
			productRefGroup = 06410AEA2757DA2E0086BAF1 /* Products */;
			projectDirPath = "";
			projectRoot = "";
			targets = (
				06410AE82757DA2E0086BAF1 /* MovieDatabaseAPI1 */,
				06410AFE2757DA380086BAF1 /* MovieDatabaseAPI1Tests */,
				06410B082757DA380086BAF1 /* MovieDatabaseAPI1UITests */,
			);
		};
/* End PBXProject section */

/* Begin PBXResourcesBuildPhase section */
		06410AE72757DA2E0086BAF1 /* Resources */ = {
			isa = PBXResourcesBuildPhase;
			buildActionMask = 2147483647;
			files = (
				06410AF92757DA370086BAF1 /* LaunchScreen.storyboard in Resources */,
				06410AF62757DA370086BAF1 /* Assets.xcassets in Resources */,
				06410AF42757DA2E0086BAF1 /* Main.storyboard in Resources */,
			);
			runOnlyForDeploymentPostprocessing = 0;
		};
		06410AFD2757DA380086BAF1 /* Resources */ = {
			isa = PBXResourcesBuildPhase;
			buildActionMask = 2147483647;
			files = (
			);
			runOnlyForDeploymentPostprocessing = 0;
		};
		06410B072757DA380086BAF1 /* Resources */ = {
			isa = PBXResourcesBuildPhase;
			buildActionMask = 2147483647;
			files = (
			);
			runOnlyForDeploymentPostprocessing = 0;
		};
/* End PBXResourcesBuildPhase section */

/* Begin PBXSourcesBuildPhase section */
		06410AE52757DA2E0086BAF1 /* Sources */ = {
			isa = PBXSourcesBuildPhase;
			buildActionMask = 2147483647;
			files = (
				06410B252758099B0086BAF1 /* Raw.swift in Sources */,
				06410AF12757DA2E0086BAF1 /* ViewController.swift in Sources */,
				06410B1F2757DB0A0086BAF1 /* detailsVC.swift in Sources */,
				06410AED2757DA2E0086BAF1 /* AppDelegate.swift in Sources */,
				06410AEF2757DA2E0086BAF1 /* SceneDelegate.swift in Sources */,
				06410B232757DC1D0086BAF1 /* Extension+UIImageView.swift in Sources */,
				06410B212757DBFA0086BAF1 /* Movie.swift in Sources */,
			);
			runOnlyForDeploymentPostprocessing = 0;
		};
		06410AFB2757DA380086BAF1 /* Sources */ = {
			isa = PBXSourcesBuildPhase;
			buildActionMask = 2147483647;
			files = (
				06410B042757DA380086BAF1 /* MovieDatabaseAPI1Tests.swift in Sources */,
			);
			runOnlyForDeploymentPostprocessing = 0;
		};
		06410B052757DA380086BAF1 /* Sources */ = {
			isa = PBXSourcesBuildPhase;
			buildActionMask = 2147483647;
			files = (
				06410B0E2757DA380086BAF1 /* MovieDatabaseAPI1UITests.swift in Sources */,
				06410B102757DA380086BAF1 /* MovieDatabaseAPI1UITestsLaunchTests.swift in Sources */,
			);
			runOnlyForDeploymentPostprocessing = 0;
		};
/* End PBXSourcesBuildPhase section */

/* Begin PBXTargetDependency section */
		06410B012757DA380086BAF1 /* PBXTargetDependency */ = {
			isa = PBXTargetDependency;
			target = 06410AE82757DA2E0086BAF1 /* MovieDatabaseAPI1 */;
			targetProxy = 06410B002757DA380086BAF1 /* PBXContainerItemProxy */;
		};
		06410B0B2757DA380086BAF1 /* PBXTargetDependency */ = {
			isa = PBXTargetDependency;
			target = 06410AE82757DA2E0086BAF1 /* MovieDatabaseAPI1 */;
			targetProxy = 06410B0A2757DA380086BAF1 /* PBXContainerItemProxy */;
		};
/* End PBXTargetDependency section */

/* Begin PBXVariantGroup section */
		06410AF22757DA2E0086BAF1 /* Main.storyboard */ = {
			isa = PBXVariantGroup;
			children = (
				06410AF32757DA2E0086BAF1 /* Base */,
			);
			name = Main.storyboard;
			sourceTree = "<group>";
		};
		06410AF72757DA370086BAF1 /* LaunchScreen.storyboard */ = {
			isa = PBXVariantGroup;
			children = (
				06410AF82757DA370086BAF1 /* Base */,
			);
			name = LaunchScreen.storyboard;
			sourceTree = "<group>";
		};
/* End PBXVariantGroup section */

/* Begin XCBuildConfiguration section */
		06410B112757DA380086BAF1 /* Debug */ = {
			isa = XCBuildConfiguration;
			buildSettings = {
				ALWAYS_SEARCH_USER_PATHS = NO;
				CLANG_ANALYZER_NONNULL = YES;
				CLANG_ANALYZER_NUMBER_OBJECT_CONVERSION = YES_AGGRESSIVE;
				CLANG_CXX_LANGUAGE_STANDARD = "gnu++17";
				CLANG_CXX_LIBRARY = "libc++";
				CLANG_ENABLE_MODULES = YES;
				CLANG_ENABLE_OBJC_ARC = YES;
				CLANG_ENABLE_OBJC_WEAK = YES;
				CLANG_WARN_BLOCK_CAPTURE_AUTORELEASING = YES;
				CLANG_WARN_BOOL_CONVERSION = YES;
				CLANG_WARN_COMMA = YES;
				CLANG_WARN_CONSTANT_CONVERSION = YES;
				CLANG_WARN_DEPRECATED_OBJC_IMPLEMENTATIONS = YES;
				CLANG_WARN_DIRECT_OBJC_ISA_USAGE = YES_ERROR;
				CLANG_WARN_DOCUMENTATION_COMMENTS = YES;
				CLANG_WARN_EMPTY_BODY = YES;
				CLANG_WARN_ENUM_CONVERSION = YES;
				CLANG_WARN_INFINITE_RECURSION = YES;
				CLANG_WARN_INT_CONVERSION = YES;
				CLANG_WARN_NON_LITERAL_NULL_CONVERSION = YES;
				CLANG_WARN_OBJC_IMPLICIT_RETAIN_SELF = YES;
				CLANG_WARN_OBJC_LITERAL_CONVERSION = YES;
				CLANG_WARN_OBJC_ROOT_CLASS = YES_ERROR;
				CLANG_WARN_QUOTED_INCLUDE_IN_FRAMEWORK_HEADER = YES;
				CLANG_WARN_RANGE_LOOP_ANALYSIS = YES;
				CLANG_WARN_STRICT_PROTOTYPES = YES;
				CLANG_WARN_SUSPICIOUS_MOVE = YES;
				CLANG_WARN_UNGUARDED_AVAILABILITY = YES_AGGRESSIVE;
				CLANG_WARN_UNREACHABLE_CODE = YES;
				CLANG_WARN__DUPLICATE_METHOD_MATCH = YES;
				COPY_PHASE_STRIP = NO;
				DEBUG_INFORMATION_FORMAT = dwarf;
				ENABLE_STRICT_OBJC_MSGSEND = YES;
				ENABLE_TESTABILITY = YES;
				GCC_C_LANGUAGE_STANDARD = gnu11;
				GCC_DYNAMIC_NO_PIC = NO;
				GCC_NO_COMMON_BLOCKS = YES;
				GCC_OPTIMIZATION_LEVEL = 0;
				GCC_PREPROCESSOR_DEFINITIONS = (
					"DEBUG=1",
					"$(inherited)",
				);
				GCC_WARN_64_TO_32_BIT_CONVERSION = YES;
				GCC_WARN_ABOUT_RETURN_TYPE = YES_ERROR;
				GCC_WARN_UNDECLARED_SELECTOR = YES;
				GCC_WARN_UNINITIALIZED_AUTOS = YES_AGGRESSIVE;
				GCC_WARN_UNUSED_FUNCTION = YES;
				GCC_WARN_UNUSED_VARIABLE = YES;
				IPHONEOS_DEPLOYMENT_TARGET = 15.0;
				MTL_ENABLE_DEBUG_INFO = INCLUDE_SOURCE;
				MTL_FAST_MATH = YES;
				ONLY_ACTIVE_ARCH = YES;
				SDKROOT = iphoneos;
				SWIFT_ACTIVE_COMPILATION_CONDITIONS = DEBUG;
				SWIFT_OPTIMIZATION_LEVEL = "-Onone";
			};
			name = Debug;
		};
		06410B122757DA380086BAF1 /* Release */ = {
			isa = XCBuildConfiguration;
			buildSettings = {
				ALWAYS_SEARCH_USER_PATHS = NO;
				CLANG_ANALYZER_NONNULL = YES;
				CLANG_ANALYZER_NUMBER_OBJECT_CONVERSION = YES_AGGRESSIVE;
				CLANG_CXX_LANGUAGE_STANDARD = "gnu++17";
				CLANG_CXX_LIBRARY = "libc++";
				CLANG_ENABLE_MODULES = YES;
				CLANG_ENABLE_OBJC_ARC = YES;
				CLANG_ENABLE_OBJC_WEAK = YES;
				CLANG_WARN_BLOCK_CAPTURE_AUTORELEASING = YES;
				CLANG_WARN_BOOL_CONVERSION = YES;
				CLANG_WARN_COMMA = YES;
				CLANG_WARN_CONSTANT_CONVERSION = YES;
				CLANG_WARN_DEPRECATED_OBJC_IMPLEMENTATIONS = YES;
				CLANG_WARN_DIRECT_OBJC_ISA_USAGE = YES_ERROR;
				CLANG_WARN_DOCUMENTATION_COMMENTS = YES;
				CLANG_WARN_EMPTY_BODY = YES;
				CLANG_WARN_ENUM_CONVERSION = YES;
				CLANG_WARN_INFINITE_RECURSION = YES;
				CLANG_WARN_INT_CONVERSION = YES;
				CLANG_WARN_NON_LITERAL_NULL_CONVERSION = YES;
				CLANG_WARN_OBJC_IMPLICIT_RETAIN_SELF = YES;
				CLANG_WARN_OBJC_LITERAL_CONVERSION = YES;
				CLANG_WARN_OBJC_ROOT_CLASS = YES_ERROR;
				CLANG_WARN_QUOTED_INCLUDE_IN_FRAMEWORK_HEADER = YES;
				CLANG_WARN_RANGE_LOOP_ANALYSIS = YES;
				CLANG_WARN_STRICT_PROTOTYPES = YES;
				CLANG_WARN_SUSPICIOUS_MOVE = YES;
				CLANG_WARN_UNGUARDED_AVAILABILITY = YES_AGGRESSIVE;
				CLANG_WARN_UNREACHABLE_CODE = YES;
				CLANG_WARN__DUPLICATE_METHOD_MATCH = YES;
				COPY_PHASE_STRIP = NO;
				DEBUG_INFORMATION_FORMAT = "dwarf-with-dsym";
				ENABLE_NS_ASSERTIONS = NO;
				ENABLE_STRICT_OBJC_MSGSEND = YES;
				GCC_C_LANGUAGE_STANDARD = gnu11;
				GCC_NO_COMMON_BLOCKS = YES;
				GCC_WARN_64_TO_32_BIT_CONVERSION = YES;
				GCC_WARN_ABOUT_RETURN_TYPE = YES_ERROR;
				GCC_WARN_UNDECLARED_SELECTOR = YES;
				GCC_WARN_UNINITIALIZED_AUTOS = YES_AGGRESSIVE;
				GCC_WARN_UNUSED_FUNCTION = YES;
				GCC_WARN_UNUSED_VARIABLE = YES;
				IPHONEOS_DEPLOYMENT_TARGET = 15.0;
				MTL_ENABLE_DEBUG_INFO = NO;
				MTL_FAST_MATH = YES;
				SDKROOT = iphoneos;
				SWIFT_COMPILATION_MODE = wholemodule;
				SWIFT_OPTIMIZATION_LEVEL = "-O";
				VALIDATE_PRODUCT = YES;
			};
			name = Release;
		};
		06410B142757DA380086BAF1 /* Debug */ = {
			isa = XCBuildConfiguration;
			buildSettings = {
				ASSETCATALOG_COMPILER_APPICON_NAME = AppIcon;
				ASSETCATALOG_COMPILER_GLOBAL_ACCENT_COLOR_NAME = AccentColor;
				CODE_SIGN_STYLE = Automatic;
				CURRENT_PROJECT_VERSION = 1;
				DEVELOPMENT_TEAM = GZFLA6HU23;
				GENERATE_INFOPLIST_FILE = YES;
				INFOPLIST_FILE = MovieDatabaseAPI1/Info.plist;
				INFOPLIST_KEY_UIApplicationSupportsIndirectInputEvents = YES;
				INFOPLIST_KEY_UILaunchStoryboardName = LaunchScreen;
				INFOPLIST_KEY_UIMainStoryboardFile = Main;
				INFOPLIST_KEY_UISupportedInterfaceOrientations_iPad = "UIInterfaceOrientationPortrait UIInterfaceOrientationPortraitUpsideDown UIInterfaceOrientationLandscapeLeft UIInterfaceOrientationLandscapeRight";
				INFOPLIST_KEY_UISupportedInterfaceOrientations_iPhone = "UIInterfaceOrientationPortrait UIInterfaceOrientationLandscapeLeft UIInterfaceOrientationLandscapeRight";
				LD_RUNPATH_SEARCH_PATHS = (
					"$(inherited)",
					"@executable_path/Frameworks",
				);
				MARKETING_VERSION = 1.0;
				PRODUCT_BUNDLE_IDENTIFIER = TAE.MovieDatabaseAPI1;
				PRODUCT_NAME = "$(TARGET_NAME)";
				SWIFT_EMIT_LOC_STRINGS = YES;
				SWIFT_VERSION = 5.0;
				TARGETED_DEVICE_FAMILY = "1,2";
			};
			name = Debug;
		};
		06410B152757DA380086BAF1 /* Release */ = {
			isa = XCBuildConfiguration;
			buildSettings = {
				ASSETCATALOG_COMPILER_APPICON_NAME = AppIcon;
				ASSETCATALOG_COMPILER_GLOBAL_ACCENT_COLOR_NAME = AccentColor;
				CODE_SIGN_STYLE = Automatic;
				CURRENT_PROJECT_VERSION = 1;
				DEVELOPMENT_TEAM = GZFLA6HU23;
				GENERATE_INFOPLIST_FILE = YES;
				INFOPLIST_FILE = MovieDatabaseAPI1/Info.plist;
				INFOPLIST_KEY_UIApplicationSupportsIndirectInputEvents = YES;
				INFOPLIST_KEY_UILaunchStoryboardName = LaunchScreen;
				INFOPLIST_KEY_UIMainStoryboardFile = Main;
				INFOPLIST_KEY_UISupportedInterfaceOrientations_iPad = "UIInterfaceOrientationPortrait UIInterfaceOrientationPortraitUpsideDown UIInterfaceOrientationLandscapeLeft UIInterfaceOrientationLandscapeRight";
				INFOPLIST_KEY_UISupportedInterfaceOrientations_iPhone = "UIInterfaceOrientationPortrait UIInterfaceOrientationLandscapeLeft UIInterfaceOrientationLandscapeRight";
				LD_RUNPATH_SEARCH_PATHS = (
					"$(inherited)",
					"@executable_path/Frameworks",
				);
				MARKETING_VERSION = 1.0;
				PRODUCT_BUNDLE_IDENTIFIER = TAE.MovieDatabaseAPI1;
				PRODUCT_NAME = "$(TARGET_NAME)";
				SWIFT_EMIT_LOC_STRINGS = YES;
				SWIFT_VERSION = 5.0;
				TARGETED_DEVICE_FAMILY = "1,2";
			};
			name = Release;
		};
		06410B172757DA380086BAF1 /* Debug */ = {
			isa = XCBuildConfiguration;
			buildSettings = {
				ALWAYS_EMBED_SWIFT_STANDARD_LIBRARIES = YES;
				BUNDLE_LOADER = "$(TEST_HOST)";
				CODE_SIGN_STYLE = Automatic;
				CURRENT_PROJECT_VERSION = 1;
				DEVELOPMENT_TEAM = GZFLA6HU23;
				GENERATE_INFOPLIST_FILE = YES;
				IPHONEOS_DEPLOYMENT_TARGET = 15.0;
				LD_RUNPATH_SEARCH_PATHS = (
					"$(inherited)",
					"@executable_path/Frameworks",
					"@loader_path/Frameworks",
				);
				MARKETING_VERSION = 1.0;
				PRODUCT_BUNDLE_IDENTIFIER = TAE.MovieDatabaseAPI1Tests;
				PRODUCT_NAME = "$(TARGET_NAME)";
				SWIFT_EMIT_LOC_STRINGS = NO;
				SWIFT_VERSION = 5.0;
				TARGETED_DEVICE_FAMILY = "1,2";
				TEST_HOST = "$(BUILT_PRODUCTS_DIR)/MovieDatabaseAPI1.app/MovieDatabaseAPI1";
			};
			name = Debug;
		};
		06410B182757DA380086BAF1 /* Release */ = {
			isa = XCBuildConfiguration;
			buildSettings = {
				ALWAYS_EMBED_SWIFT_STANDARD_LIBRARIES = YES;
				BUNDLE_LOADER = "$(TEST_HOST)";
				CODE_SIGN_STYLE = Automatic;
				CURRENT_PROJECT_VERSION = 1;
				DEVELOPMENT_TEAM = GZFLA6HU23;
				GENERATE_INFOPLIST_FILE = YES;
				IPHONEOS_DEPLOYMENT_TARGET = 15.0;
				LD_RUNPATH_SEARCH_PATHS = (
					"$(inherited)",
					"@executable_path/Frameworks",
					"@loader_path/Frameworks",
				);
				MARKETING_VERSION = 1.0;
				PRODUCT_BUNDLE_IDENTIFIER = TAE.MovieDatabaseAPI1Tests;
				PRODUCT_NAME = "$(TARGET_NAME)";
				SWIFT_EMIT_LOC_STRINGS = NO;
				SWIFT_VERSION = 5.0;
				TARGETED_DEVICE_FAMILY = "1,2";
				TEST_HOST = "$(BUILT_PRODUCTS_DIR)/MovieDatabaseAPI1.app/MovieDatabaseAPI1";
			};
			name = Release;
		};
		06410B1A2757DA380086BAF1 /* Debug */ = {
			isa = XCBuildConfiguration;
			buildSettings = {
				ALWAYS_EMBED_SWIFT_STANDARD_LIBRARIES = YES;
				CODE_SIGN_STYLE = Automatic;
				CURRENT_PROJECT_VERSION = 1;
				DEVELOPMENT_TEAM = GZFLA6HU23;
				GENERATE_INFOPLIST_FILE = YES;
				LD_RUNPATH_SEARCH_PATHS = (
					"$(inherited)",
					"@executable_path/Frameworks",
					"@loader_path/Frameworks",
				);
				MARKETING_VERSION = 1.0;
				PRODUCT_BUNDLE_IDENTIFIER = TAE.MovieDatabaseAPI1UITests;
				PRODUCT_NAME = "$(TARGET_NAME)";
				SWIFT_EMIT_LOC_STRINGS = NO;
				SWIFT_VERSION = 5.0;
				TARGETED_DEVICE_FAMILY = "1,2";
				TEST_TARGET_NAME = MovieDatabaseAPI1;
			};
			name = Debug;
		};
		06410B1B2757DA380086BAF1 /* Release */ = {
			isa = XCBuildConfiguration;
			buildSettings = {
				ALWAYS_EMBED_SWIFT_STANDARD_LIBRARIES = YES;
				CODE_SIGN_STYLE = Automatic;
				CURRENT_PROJECT_VERSION = 1;
				DEVELOPMENT_TEAM = GZFLA6HU23;
				GENERATE_INFOPLIST_FILE = YES;
				LD_RUNPATH_SEARCH_PATHS = (
					"$(inherited)",
					"@executable_path/Frameworks",
					"@loader_path/Frameworks",
				);
				MARKETING_VERSION = 1.0;
				PRODUCT_BUNDLE_IDENTIFIER = TAE.MovieDatabaseAPI1UITests;
				PRODUCT_NAME = "$(TARGET_NAME)";
				SWIFT_EMIT_LOC_STRINGS = NO;
				SWIFT_VERSION = 5.0;
				TARGETED_DEVICE_FAMILY = "1,2";
				TEST_TARGET_NAME = MovieDatabaseAPI1;
			};
			name = Release;
		};
/* End XCBuildConfiguration section */

/* Begin XCConfigurationList section */
		06410AE42757DA2E0086BAF1 /* Build configuration list for PBXProject "MovieDatabaseAPI1" */ = {
			isa = XCConfigurationList;
			buildConfigurations = (
				06410B112757DA380086BAF1 /* Debug */,
				06410B122757DA380086BAF1 /* Release */,
			);
			defaultConfigurationIsVisible = 0;
			defaultConfigurationName = Release;
		};
		06410B132757DA380086BAF1 /* Build configuration list for PBXNativeTarget "MovieDatabaseAPI1" */ = {
			isa = XCConfigurationList;
			buildConfigurations = (
				06410B142757DA380086BAF1 /* Debug */,
				06410B152757DA380086BAF1 /* Release */,
			);
			defaultConfigurationIsVisible = 0;
			defaultConfigurationName = Release;
		};
		06410B162757DA380086BAF1 /* Build configuration list for PBXNativeTarget "MovieDatabaseAPI1Tests" */ = {
			isa = XCConfigurationList;
			buildConfigurations = (
				06410B172757DA380086BAF1 /* Debug */,
				06410B182757DA380086BAF1 /* Release */,
			);
			defaultConfigurationIsVisible = 0;
			defaultConfigurationName = Release;
		};
		06410B192757DA380086BAF1 /* Build configuration list for PBXNativeTarget "MovieDatabaseAPI1UITests" */ = {
			isa = XCConfigurationList;
			buildConfigurations = (
				06410B1A2757DA380086BAF1 /* Debug */,
				06410B1B2757DA380086BAF1 /* Release */,
			);
			defaultConfigurationIsVisible = 0;
			defaultConfigurationName = Release;
		};
/* End XCConfigurationList section */
	};
	rootObject = 06410AE12757DA2E0086BAF1 /* Project object */;
}
